// !$*UTF8*$!
{
	archiveVersion = 1;
	classes = {
	};
	objectVersion = 55;
	objects = {

/* Begin PBXBuildFile section */
		2C09F7E529E07542006003AA /* SearchRidesViewController.swift in Sources */ = {isa = PBXBuildFile; fileRef = 2C09F7E429E07542006003AA /* SearchRidesViewController.swift */; };
		2C09F7E729E085A1006003AA /* ImageTextField.swift in Sources */ = {isa = PBXBuildFile; fileRef = 2C09F7E629E085A1006003AA /* ImageTextField.swift */; };
		2C12DEB629C64D11003D6683 /* PostRideTripDetailsViewController.swift in Sources */ = {isa = PBXBuildFile; fileRef = 2C12DEB529C64D11003D6683 /* PostRideTripDetailsViewController.swift */; };
		2C1D968929F89C1000065C78 /* VerifyPhoneNumberViewController.swift in Sources */ = {isa = PBXBuildFile; fileRef = 2C1D968829F89C1000065C78 /* VerifyPhoneNumberViewController.swift */; };
		2C2015DF2AB4CFAB0065C436 /* ShiftedRightTextField.swift in Sources */ = {isa = PBXBuildFile; fileRef = 2C2015DE2AB4CFAB0065C436 /* ShiftedRightTextField.swift */; };
		2C3294842AD7351800F6B1B4 /* PickerOptions.swift in Sources */ = {isa = PBXBuildFile; fileRef = 2C3294832AD7351800F6B1B4 /* PickerOptions.swift */; };
		2C42B51E290F12B400D053A3 /* Sen-Regular.ttf in Resources */ = {isa = PBXBuildFile; fileRef = 2C42B51D290F12B400D053A3 /* Sen-Regular.ttf */; };
		2C42B521290F767600D053A3 /* Rambla-Regular.ttf in Resources */ = {isa = PBXBuildFile; fileRef = 2C42B520290F767600D053A3 /* Rambla-Regular.ttf */; };
		2C5672FE29CBE5EB001E37FB /* Prompts.swift in Sources */ = {isa = PBXBuildFile; fileRef = 2C5672FD29CBE5EB001E37FB /* Prompts.swift */; };
		2C67E4FC29945E5E00195BB5 /* Constants.swift in Sources */ = {isa = PBXBuildFile; fileRef = 2C67E4FB29945E5E00195BB5 /* Constants.swift */; };
		2C67E500299460DF00195BB5 /* UserSession.swift in Sources */ = {isa = PBXBuildFile; fileRef = 2C67E4FF299460DF00195BB5 /* UserSession.swift */; };
		2C85C53929E5B85300A0C387 /* Request.swift in Sources */ = {isa = PBXBuildFile; fileRef = 2C85C53829E5B85300A0C387 /* Request.swift */; };
		2C881C7E29945C3400E6DEDE /* NetworkManager.swift in Sources */ = {isa = PBXBuildFile; fileRef = 2C881C7D29945C3400E6DEDE /* NetworkManager.swift */; };
		2C8C3EB729D4E6710035880B /* PostRidePageViewController.swift in Sources */ = {isa = PBXBuildFile; fileRef = 2C8C3EB529D4E6710035880B /* PostRidePageViewController.swift */; };
		2C8C3EB829D4E6710035880B /* InitialPostRideViewController.swift in Sources */ = {isa = PBXBuildFile; fileRef = 2C8C3EB629D4E6710035880B /* InitialPostRideViewController.swift */; };
		2C991EB828E0B2E7006301D9 /* ArrivalSearchViewController.swift in Sources */ = {isa = PBXBuildFile; fileRef = 2C991EB028E0B2E7006301D9 /* ArrivalSearchViewController.swift */; };
		2C991EBA28E0B2E7006301D9 /* ViewController.swift in Sources */ = {isa = PBXBuildFile; fileRef = 2C991EB228E0B2E7006301D9 /* ViewController.swift */; };
		2C991EBB28E0B2E7006301D9 /* SearchInitialViewController.swift in Sources */ = {isa = PBXBuildFile; fileRef = 2C991EB328E0B2E7006301D9 /* SearchInitialViewController.swift */; };
		2C991EBC28E0B2E7006301D9 /* DepartureSearchViewController.swift in Sources */ = {isa = PBXBuildFile; fileRef = 2C991EB428E0B2E7006301D9 /* DepartureSearchViewController.swift */; };
		2C991EBD28E0B2E7006301D9 /* LocationTableViewCell.swift in Sources */ = {isa = PBXBuildFile; fileRef = 2C991EB528E0B2E7006301D9 /* LocationTableViewCell.swift */; };
		2C991EBE28E0B2E7006301D9 /* LocationViewController.swift in Sources */ = {isa = PBXBuildFile; fileRef = 2C991EB628E0B2E7006301D9 /* LocationViewController.swift */; };
		2C991EBF28E0B2E7006301D9 /* MatchesViewController.swift in Sources */ = {isa = PBXBuildFile; fileRef = 2C991EB728E0B2E7006301D9 /* MatchesViewController.swift */; };
		2CAB93CD2AB26183009554E7 /* Keys.plist in Resources */ = {isa = PBXBuildFile; fileRef = 2CAB93CB2AB26183009554E7 /* Keys.plist */; };
		2CAB93CE2AB26183009554E7 /* GoogleService-Info.plist in Resources */ = {isa = PBXBuildFile; fileRef = 2CAB93CC2AB26183009554E7 /* GoogleService-Info.plist */; };
		2CAB93D02AB262DF009554E7 /* OnboardingTextField.swift in Sources */ = {isa = PBXBuildFile; fileRef = 2CAB93CF2AB262DF009554E7 /* OnboardingTextField.swift */; };
		2CCE49D92AE04F6A0099EAF0 /* BlockUserViewController.swift in Sources */ = {isa = PBXBuildFile; fileRef = 2CCE49D82AE04F6A0099EAF0 /* BlockUserViewController.swift */; };
		2CCE49DB2AE04F750099EAF0 /* ReportUserViewController.swift in Sources */ = {isa = PBXBuildFile; fileRef = 2CCE49DA2AE04F750099EAF0 /* ReportUserViewController.swift */; };
		2CCE49DD2AE054CA0099EAF0 /* ModalViewController.swift in Sources */ = {isa = PBXBuildFile; fileRef = 2CCE49DC2AE054CA0099EAF0 /* ModalViewController.swift */; };
		2CCE49DF2AE076670099EAF0 /* LabeledTextView.swift in Sources */ = {isa = PBXBuildFile; fileRef = 2CCE49DE2AE076670099EAF0 /* LabeledTextView.swift */; };
		2CCE49E12AE0770D0099EAF0 /* PaddedTextView.swift in Sources */ = {isa = PBXBuildFile; fileRef = 2CCE49E02AE0770D0099EAF0 /* PaddedTextView.swift */; };
		2CD7304429C35F6F00F4CF5A /* OnboardingContainerViewController.swift in Sources */ = {isa = PBXBuildFile; fileRef = 2CD7304329C35F6E00F4CF5A /* OnboardingContainerViewController.swift */; };
		2CE749E129DBC065009EF309 /* PostRideContainerViewController.swift in Sources */ = {isa = PBXBuildFile; fileRef = 2CE749E029DBC065009EF309 /* PostRideContainerViewController.swift */; };
		2CE749E329DBD147009EF309 /* PostRideViewController.swift in Sources */ = {isa = PBXBuildFile; fileRef = 2CE749E229DBD147009EF309 /* PostRideViewController.swift */; };
		2CECCDC32AC4D705009CC4A0 /* LabeledTextField.swift in Sources */ = {isa = PBXBuildFile; fileRef = 2CECCDC22AC4D705009CC4A0 /* LabeledTextField.swift */; };
		2CFA071629A67C710085A0B8 /* TripDetailsViewController.swift in Sources */ = {isa = PBXBuildFile; fileRef = 2CFA071529A67C710085A0B8 /* TripDetailsViewController.swift */; };
		410D78C029B8166D0007E434 /* NotificationsViewController.swift in Sources */ = {isa = PBXBuildFile; fileRef = 410D78BF29B8166D0007E434 /* NotificationsViewController.swift */; };
		412EDB9029B950D300C1C265 /* RequestTableViewCell.swift in Sources */ = {isa = PBXBuildFile; fileRef = 412EDB8F29B950D300C1C265 /* RequestTableViewCell.swift */; };
		4176A1E9299D2F01008B2BC3 /* Path.swift in Sources */ = {isa = PBXBuildFile; fileRef = 4176A1E8299D2F01008B2BC3 /* Path.swift */; };
		8939AD8E2AE016670038B20D /* SFProDisplay-Bold.otf in Resources */ = {isa = PBXBuildFile; fileRef = 2C85C53329E5B6F000A0C387 /* SFProDisplay-Bold.otf */; };
		8939AD902AE0166C0038B20D /* SFProDisplay-Regular.otf in Resources */ = {isa = PBXBuildFile; fileRef = 2C85C53229E5B6F000A0C387 /* SFProDisplay-Regular.otf */; };
		8940F1E72AEDB83A0025D579 /* EmptyStateView.swift in Sources */ = {isa = PBXBuildFile; fileRef = 8940F1E62AEDB83A0025D579 /* EmptyStateView.swift */; };
		8941635C2AC4D69900B0CAE9 /* EditProfileViewController.swift in Sources */ = {isa = PBXBuildFile; fileRef = 8941635B2AC4D69900B0CAE9 /* EditProfileViewController.swift */; };
		89C410F82ACE0DCC005BB8FC /* Extension+UIImage.swift in Sources */ = {isa = PBXBuildFile; fileRef = 89C410F72ACE0DCC005BB8FC /* Extension+UIImage.swift */; };
		89C410FA2ACF0B6F005BB8FC /* Extension+UIFont.swift in Sources */ = {isa = PBXBuildFile; fileRef = 89C410F92ACF0B6F005BB8FC /* Extension+UIFont.swift */; };
		8E4464A344C5B1529768FAF3 /* Pods_Scoop.framework in Frameworks */ = {isa = PBXBuildFile; fileRef = 164EA2836D84BC7164FBB6D6 /* Pods_Scoop.framework */; };
		C83419EF27E65A4B00491306 /* User.swift in Sources */ = {isa = PBXBuildFile; fileRef = C83419EE27E65A4B00491306 /* User.swift */; };
		C83CD58A27F3B27200EDA255 /* Extension+UIViewController.swift in Sources */ = {isa = PBXBuildFile; fileRef = C83CD58927F3B27200EDA255 /* Extension+UIViewController.swift */; };
		C845953927ED01B200D2C7F0 /* PhoneFormatter.swift in Sources */ = {isa = PBXBuildFile; fileRef = C845953827ED01B200D2C7F0 /* PhoneFormatter.swift */; };
		C85E2E1D27DBFFFA0004C506 /* ProfilePictureViewController.swift in Sources */ = {isa = PBXBuildFile; fileRef = C85E2E1C27DBFFFA0004C506 /* ProfilePictureViewController.swift */; };
		C85E2E1F27DC0D850004C506 /* AboutYouViewController.swift in Sources */ = {isa = PBXBuildFile; fileRef = C85E2E1E27DC0D850004C506 /* AboutYouViewController.swift */; };
		C8A5448D27D185BD00132ACC /* AppDelegate.swift in Sources */ = {isa = PBXBuildFile; fileRef = C8A5448C27D185BD00132ACC /* AppDelegate.swift */; };
		C8A5448F27D185BD00132ACC /* SceneDelegate.swift in Sources */ = {isa = PBXBuildFile; fileRef = C8A5448E27D185BD00132ACC /* SceneDelegate.swift */; };
		C8A5449127D185BD00132ACC /* LoginViewController.swift in Sources */ = {isa = PBXBuildFile; fileRef = C8A5449027D185BD00132ACC /* LoginViewController.swift */; };
		C8A5449627D185BF00132ACC /* Assets.xcassets in Resources */ = {isa = PBXBuildFile; fileRef = C8A5449527D185BF00132ACC /* Assets.xcassets */; };
		C8A5449927D185BF00132ACC /* LaunchScreen.storyboard in Resources */ = {isa = PBXBuildFile; fileRef = C8A5449727D185BF00132ACC /* LaunchScreen.storyboard */; };
		C8A544A427D185BF00132ACC /* ScoopTests.swift in Sources */ = {isa = PBXBuildFile; fileRef = C8A544A327D185BF00132ACC /* ScoopTests.swift */; };
		C8A544AE27D185BF00132ACC /* ScoopUITests.swift in Sources */ = {isa = PBXBuildFile; fileRef = C8A544AD27D185BF00132ACC /* ScoopUITests.swift */; };
		C8A544B027D185BF00132ACC /* ScoopUITestsLaunchTests.swift in Sources */ = {isa = PBXBuildFile; fileRef = C8A544AF27D185BF00132ACC /* ScoopUITestsLaunchTests.swift */; };
		C8A544BD27D18D0200132ACC /* HomeViewController.swift in Sources */ = {isa = PBXBuildFile; fileRef = C8A544BC27D18D0200132ACC /* HomeViewController.swift */; };
		C8A544C427D18D5400132ACC /* Keys.swift in Sources */ = {isa = PBXBuildFile; fileRef = C8A544C227D18D5400132ACC /* Keys.swift */; };
		C8CB5E892811CC4C007FB8A8 /* Extension+UIColor.swift in Sources */ = {isa = PBXBuildFile; fileRef = C8CB5E882811CC4C007FB8A8 /* Extension+UIColor.swift */; };
		C8CB5E8C2811CEC9007FB8A8 /* HomeTableViewCell.swift in Sources */ = {isa = PBXBuildFile; fileRef = C8CB5E8B2811CEC9007FB8A8 /* HomeTableViewCell.swift */; };
		C8CB5E8E28182CC3007FB8A8 /* HomeTableViewHeader.swift in Sources */ = {isa = PBXBuildFile; fileRef = C8CB5E8D28182CC3007FB8A8 /* HomeTableViewHeader.swift */; };
		C8D2805727D9670100EDD5D3 /* PostRideSummaryViewController.swift in Sources */ = {isa = PBXBuildFile; fileRef = C8D2805627D9670100EDD5D3 /* PostRideSummaryViewController.swift */; };
		C8D2805D27D96B0000EDD5D3 /* ProfileViewController.swift in Sources */ = {isa = PBXBuildFile; fileRef = C8D2805C27D96B0000EDD5D3 /* ProfileViewController.swift */; };
		C8D2805F27D985FA00EDD5D3 /* ImageLabelView.swift in Sources */ = {isa = PBXBuildFile; fileRef = C8D2805E27D985FA00EDD5D3 /* ImageLabelView.swift */; };
		C8D2806227D9992600EDD5D3 /* Ride.swift in Sources */ = {isa = PBXBuildFile; fileRef = C8D2806127D9992600EDD5D3 /* Ride.swift */; };
		C8EF10C427E2BB8000642B40 /* PreferredContactViewController.swift in Sources */ = {isa = PBXBuildFile; fileRef = C8EF10C327E2BB8000642B40 /* PreferredContactViewController.swift */; };
		C8EF10C827E2CCB800642B40 /* OnboardingPageViewController.swift in Sources */ = {isa = PBXBuildFile; fileRef = C8EF10C727E2CCB800642B40 /* OnboardingPageViewController.swift */; };
		C8EF10CA27E2CEE400642B40 /* PreferencesViewController.swift in Sources */ = {isa = PBXBuildFile; fileRef = C8EF10C927E2CEE400642B40 /* PreferencesViewController.swift */; };
		C8EF10CC27E2CEF800642B40 /* FavoritesViewController.swift in Sources */ = {isa = PBXBuildFile; fileRef = C8EF10CB27E2CEF800642B40 /* FavoritesViewController.swift */; };
		C8EF10CE27E50BFA00642B40 /* OnboardingViewController.swift in Sources */ = {isa = PBXBuildFile; fileRef = C8EF10CD27E50BFA00642B40 /* OnboardingViewController.swift */; };
/* End PBXBuildFile section */

/* Begin PBXContainerItemProxy section */
		C8A544A027D185BF00132ACC /* PBXContainerItemProxy */ = {
			isa = PBXContainerItemProxy;
			containerPortal = C8A5448127D185BD00132ACC /* Project object */;
			proxyType = 1;
			remoteGlobalIDString = C8A5448827D185BD00132ACC;
			remoteInfo = Scoop;
		};
		C8A544AA27D185BF00132ACC /* PBXContainerItemProxy */ = {
			isa = PBXContainerItemProxy;
			containerPortal = C8A5448127D185BD00132ACC /* Project object */;
			proxyType = 1;
			remoteGlobalIDString = C8A5448827D185BD00132ACC;
			remoteInfo = Scoop;
		};
/* End PBXContainerItemProxy section */

/* Begin PBXFileReference section */
		164EA2836D84BC7164FBB6D6 /* Pods_Scoop.framework */ = {isa = PBXFileReference; explicitFileType = wrapper.framework; includeInIndex = 0; path = Pods_Scoop.framework; sourceTree = BUILT_PRODUCTS_DIR; };
		2C09F7E429E07542006003AA /* SearchRidesViewController.swift */ = {isa = PBXFileReference; lastKnownFileType = sourcecode.swift; path = SearchRidesViewController.swift; sourceTree = "<group>"; };
		2C09F7E629E085A1006003AA /* ImageTextField.swift */ = {isa = PBXFileReference; lastKnownFileType = sourcecode.swift; path = ImageTextField.swift; sourceTree = "<group>"; };
		2C0E135E29F0CD0C000ED04C /* Scoop.entitlements */ = {isa = PBXFileReference; lastKnownFileType = text.plist.entitlements; path = Scoop.entitlements; sourceTree = "<group>"; };
		2C12DEB529C64D11003D6683 /* PostRideTripDetailsViewController.swift */ = {isa = PBXFileReference; lastKnownFileType = sourcecode.swift; path = PostRideTripDetailsViewController.swift; sourceTree = "<group>"; };
		2C1D968829F89C1000065C78 /* VerifyPhoneNumberViewController.swift */ = {isa = PBXFileReference; lastKnownFileType = sourcecode.swift; path = VerifyPhoneNumberViewController.swift; sourceTree = "<group>"; };
		2C2015DE2AB4CFAB0065C436 /* ShiftedRightTextField.swift */ = {isa = PBXFileReference; lastKnownFileType = sourcecode.swift; path = ShiftedRightTextField.swift; sourceTree = "<group>"; };
		2C3294832AD7351800F6B1B4 /* PickerOptions.swift */ = {isa = PBXFileReference; lastKnownFileType = sourcecode.swift; path = PickerOptions.swift; sourceTree = "<group>"; };
		2C42B51D290F12B400D053A3 /* Sen-Regular.ttf */ = {isa = PBXFileReference; lastKnownFileType = file; path = "Sen-Regular.ttf"; sourceTree = "<group>"; };
		2C42B520290F767600D053A3 /* Rambla-Regular.ttf */ = {isa = PBXFileReference; lastKnownFileType = file; path = "Rambla-Regular.ttf"; sourceTree = "<group>"; };
		2C5672FD29CBE5EB001E37FB /* Prompts.swift */ = {isa = PBXFileReference; lastKnownFileType = sourcecode.swift; path = Prompts.swift; sourceTree = "<group>"; };
		2C67E4FB29945E5E00195BB5 /* Constants.swift */ = {isa = PBXFileReference; lastKnownFileType = sourcecode.swift; path = Constants.swift; sourceTree = "<group>"; };
		2C67E4FF299460DF00195BB5 /* UserSession.swift */ = {isa = PBXFileReference; lastKnownFileType = sourcecode.swift; path = UserSession.swift; sourceTree = "<group>"; };
		2C6BE1AD29EF8106007EA3AA /* Keys.plist */ = {isa = PBXFileReference; fileEncoding = 4; lastKnownFileType = text.plist.xml; name = Keys.plist; path = ../../../../../../Keys.plist; sourceTree = "<group>"; };
		2C6BE1AE29EF8106007EA3AA /* GoogleService-Info.plist */ = {isa = PBXFileReference; fileEncoding = 4; lastKnownFileType = text.plist.xml; name = "GoogleService-Info.plist"; path = "../../../../../../GoogleService-Info.plist"; sourceTree = "<group>"; };
		2C85C53229E5B6F000A0C387 /* SFProDisplay-Regular.otf */ = {isa = PBXFileReference; lastKnownFileType = file; path = "SFProDisplay-Regular.otf"; sourceTree = "<group>"; };
		2C85C53329E5B6F000A0C387 /* SFProDisplay-Bold.otf */ = {isa = PBXFileReference; lastKnownFileType = file; path = "SFProDisplay-Bold.otf"; sourceTree = "<group>"; };
		2C85C53829E5B85300A0C387 /* Request.swift */ = {isa = PBXFileReference; fileEncoding = 4; lastKnownFileType = sourcecode.swift; path = Request.swift; sourceTree = "<group>"; };
		2C881C7D29945C3400E6DEDE /* NetworkManager.swift */ = {isa = PBXFileReference; lastKnownFileType = sourcecode.swift; path = NetworkManager.swift; sourceTree = "<group>"; };
		2C8C3EB529D4E6710035880B /* PostRidePageViewController.swift */ = {isa = PBXFileReference; fileEncoding = 4; lastKnownFileType = sourcecode.swift; path = PostRidePageViewController.swift; sourceTree = "<group>"; };
		2C8C3EB629D4E6710035880B /* InitialPostRideViewController.swift */ = {isa = PBXFileReference; fileEncoding = 4; lastKnownFileType = sourcecode.swift; path = InitialPostRideViewController.swift; sourceTree = "<group>"; };
		2C991EB028E0B2E7006301D9 /* ArrivalSearchViewController.swift */ = {isa = PBXFileReference; fileEncoding = 4; lastKnownFileType = sourcecode.swift; path = ArrivalSearchViewController.swift; sourceTree = "<group>"; };
		2C991EB228E0B2E7006301D9 /* ViewController.swift */ = {isa = PBXFileReference; fileEncoding = 4; lastKnownFileType = sourcecode.swift; path = ViewController.swift; sourceTree = "<group>"; };
		2C991EB328E0B2E7006301D9 /* SearchInitialViewController.swift */ = {isa = PBXFileReference; fileEncoding = 4; lastKnownFileType = sourcecode.swift; path = SearchInitialViewController.swift; sourceTree = "<group>"; };
		2C991EB428E0B2E7006301D9 /* DepartureSearchViewController.swift */ = {isa = PBXFileReference; fileEncoding = 4; lastKnownFileType = sourcecode.swift; path = DepartureSearchViewController.swift; sourceTree = "<group>"; };
		2C991EB528E0B2E7006301D9 /* LocationTableViewCell.swift */ = {isa = PBXFileReference; fileEncoding = 4; lastKnownFileType = sourcecode.swift; path = LocationTableViewCell.swift; sourceTree = "<group>"; };
		2C991EB628E0B2E7006301D9 /* LocationViewController.swift */ = {isa = PBXFileReference; fileEncoding = 4; lastKnownFileType = sourcecode.swift; path = LocationViewController.swift; sourceTree = "<group>"; };
		2C991EB728E0B2E7006301D9 /* MatchesViewController.swift */ = {isa = PBXFileReference; fileEncoding = 4; lastKnownFileType = sourcecode.swift; path = MatchesViewController.swift; sourceTree = "<group>"; };
		2CAB93CB2AB26183009554E7 /* Keys.plist */ = {isa = PBXFileReference; fileEncoding = 4; lastKnownFileType = text.plist.xml; path = Keys.plist; sourceTree = "<group>"; };
		2CAB93CC2AB26183009554E7 /* GoogleService-Info.plist */ = {isa = PBXFileReference; fileEncoding = 4; lastKnownFileType = text.plist.xml; path = "GoogleService-Info.plist"; sourceTree = "<group>"; };
		2CAB93CF2AB262DF009554E7 /* OnboardingTextField.swift */ = {isa = PBXFileReference; lastKnownFileType = sourcecode.swift; path = OnboardingTextField.swift; sourceTree = "<group>"; };
		2CCE49D82AE04F6A0099EAF0 /* BlockUserViewController.swift */ = {isa = PBXFileReference; lastKnownFileType = sourcecode.swift; path = BlockUserViewController.swift; sourceTree = "<group>"; };
		2CCE49DA2AE04F750099EAF0 /* ReportUserViewController.swift */ = {isa = PBXFileReference; lastKnownFileType = sourcecode.swift; path = ReportUserViewController.swift; sourceTree = "<group>"; };
		2CCE49DC2AE054CA0099EAF0 /* ModalViewController.swift */ = {isa = PBXFileReference; lastKnownFileType = sourcecode.swift; path = ModalViewController.swift; sourceTree = "<group>"; };
		2CCE49DE2AE076670099EAF0 /* LabeledTextView.swift */ = {isa = PBXFileReference; lastKnownFileType = sourcecode.swift; path = LabeledTextView.swift; sourceTree = "<group>"; };
		2CCE49E02AE0770D0099EAF0 /* PaddedTextView.swift */ = {isa = PBXFileReference; lastKnownFileType = sourcecode.swift; path = PaddedTextView.swift; sourceTree = "<group>"; };
		2CD7304329C35F6E00F4CF5A /* OnboardingContainerViewController.swift */ = {isa = PBXFileReference; lastKnownFileType = sourcecode.swift; path = OnboardingContainerViewController.swift; sourceTree = "<group>"; };
		2CE749E029DBC065009EF309 /* PostRideContainerViewController.swift */ = {isa = PBXFileReference; lastKnownFileType = sourcecode.swift; path = PostRideContainerViewController.swift; sourceTree = "<group>"; };
		2CE749E229DBD147009EF309 /* PostRideViewController.swift */ = {isa = PBXFileReference; lastKnownFileType = sourcecode.swift; path = PostRideViewController.swift; sourceTree = "<group>"; };
		2CECCDC22AC4D705009CC4A0 /* LabeledTextField.swift */ = {isa = PBXFileReference; lastKnownFileType = sourcecode.swift; path = LabeledTextField.swift; sourceTree = "<group>"; };
		2CFA071529A67C710085A0B8 /* TripDetailsViewController.swift */ = {isa = PBXFileReference; lastKnownFileType = sourcecode.swift; path = TripDetailsViewController.swift; sourceTree = "<group>"; };
		410D78BF29B8166D0007E434 /* NotificationsViewController.swift */ = {isa = PBXFileReference; lastKnownFileType = sourcecode.swift; path = NotificationsViewController.swift; sourceTree = "<group>"; };
		412EDB8F29B950D300C1C265 /* RequestTableViewCell.swift */ = {isa = PBXFileReference; lastKnownFileType = sourcecode.swift; path = RequestTableViewCell.swift; sourceTree = "<group>"; };
		4176A1E8299D2F01008B2BC3 /* Path.swift */ = {isa = PBXFileReference; lastKnownFileType = sourcecode.swift; path = Path.swift; sourceTree = "<group>"; };
		8940F1E62AEDB83A0025D579 /* EmptyStateView.swift */ = {isa = PBXFileReference; lastKnownFileType = sourcecode.swift; name = EmptyStateView.swift; path = Scoop/View/EmptyStateView.swift; sourceTree = SOURCE_ROOT; };
		8941635B2AC4D69900B0CAE9 /* EditProfileViewController.swift */ = {isa = PBXFileReference; lastKnownFileType = sourcecode.swift; path = EditProfileViewController.swift; sourceTree = "<group>"; };
		89C410F72ACE0DCC005BB8FC /* Extension+UIImage.swift */ = {isa = PBXFileReference; lastKnownFileType = sourcecode.swift; path = "Extension+UIImage.swift"; sourceTree = "<group>"; };
		89C410F92ACF0B6F005BB8FC /* Extension+UIFont.swift */ = {isa = PBXFileReference; lastKnownFileType = sourcecode.swift; path = "Extension+UIFont.swift"; sourceTree = "<group>"; };
		9430FC737D049567581E79B9 /* Pods-Scoop.debug.xcconfig */ = {isa = PBXFileReference; includeInIndex = 1; lastKnownFileType = text.xcconfig; name = "Pods-Scoop.debug.xcconfig"; path = "Target Support Files/Pods-Scoop/Pods-Scoop.debug.xcconfig"; sourceTree = "<group>"; };
		BD63C2092AD72CD946F81950 /* Pods-Scoop.release.xcconfig */ = {isa = PBXFileReference; includeInIndex = 1; lastKnownFileType = text.xcconfig; name = "Pods-Scoop.release.xcconfig"; path = "Target Support Files/Pods-Scoop/Pods-Scoop.release.xcconfig"; sourceTree = "<group>"; };
		C83419EE27E65A4B00491306 /* User.swift */ = {isa = PBXFileReference; lastKnownFileType = sourcecode.swift; path = User.swift; sourceTree = "<group>"; };
		C83CD58927F3B27200EDA255 /* Extension+UIViewController.swift */ = {isa = PBXFileReference; lastKnownFileType = sourcecode.swift; path = "Extension+UIViewController.swift"; sourceTree = "<group>"; };
		C845953827ED01B200D2C7F0 /* PhoneFormatter.swift */ = {isa = PBXFileReference; lastKnownFileType = sourcecode.swift; path = PhoneFormatter.swift; sourceTree = "<group>"; };
		C85E2E1C27DBFFFA0004C506 /* ProfilePictureViewController.swift */ = {isa = PBXFileReference; lastKnownFileType = sourcecode.swift; path = ProfilePictureViewController.swift; sourceTree = "<group>"; };
		C85E2E1E27DC0D850004C506 /* AboutYouViewController.swift */ = {isa = PBXFileReference; lastKnownFileType = sourcecode.swift; path = AboutYouViewController.swift; sourceTree = "<group>"; };
		C8A5448927D185BD00132ACC /* Scoop.app */ = {isa = PBXFileReference; explicitFileType = wrapper.application; includeInIndex = 0; path = Scoop.app; sourceTree = BUILT_PRODUCTS_DIR; };
		C8A5448C27D185BD00132ACC /* AppDelegate.swift */ = {isa = PBXFileReference; lastKnownFileType = sourcecode.swift; path = AppDelegate.swift; sourceTree = "<group>"; };
		C8A5448E27D185BD00132ACC /* SceneDelegate.swift */ = {isa = PBXFileReference; lastKnownFileType = sourcecode.swift; path = SceneDelegate.swift; sourceTree = "<group>"; };
		C8A5449027D185BD00132ACC /* LoginViewController.swift */ = {isa = PBXFileReference; lastKnownFileType = sourcecode.swift; path = LoginViewController.swift; sourceTree = "<group>"; };
		C8A5449527D185BF00132ACC /* Assets.xcassets */ = {isa = PBXFileReference; lastKnownFileType = folder.assetcatalog; path = Assets.xcassets; sourceTree = "<group>"; };
		C8A5449827D185BF00132ACC /* Base */ = {isa = PBXFileReference; lastKnownFileType = file.storyboard; name = Base; path = Base.lproj/LaunchScreen.storyboard; sourceTree = "<group>"; };
		C8A5449A27D185BF00132ACC /* Info.plist */ = {isa = PBXFileReference; lastKnownFileType = text.plist.xml; path = Info.plist; sourceTree = "<group>"; };
		C8A5449F27D185BF00132ACC /* ScoopTests.xctest */ = {isa = PBXFileReference; explicitFileType = wrapper.cfbundle; includeInIndex = 0; path = ScoopTests.xctest; sourceTree = BUILT_PRODUCTS_DIR; };
		C8A544A327D185BF00132ACC /* ScoopTests.swift */ = {isa = PBXFileReference; lastKnownFileType = sourcecode.swift; path = ScoopTests.swift; sourceTree = "<group>"; };
		C8A544A927D185BF00132ACC /* ScoopUITests.xctest */ = {isa = PBXFileReference; explicitFileType = wrapper.cfbundle; includeInIndex = 0; path = ScoopUITests.xctest; sourceTree = BUILT_PRODUCTS_DIR; };
		C8A544AD27D185BF00132ACC /* ScoopUITests.swift */ = {isa = PBXFileReference; lastKnownFileType = sourcecode.swift; path = ScoopUITests.swift; sourceTree = "<group>"; };
		C8A544AF27D185BF00132ACC /* ScoopUITestsLaunchTests.swift */ = {isa = PBXFileReference; lastKnownFileType = sourcecode.swift; path = ScoopUITestsLaunchTests.swift; sourceTree = "<group>"; };
		C8A544BC27D18D0200132ACC /* HomeViewController.swift */ = {isa = PBXFileReference; fileEncoding = 4; lastKnownFileType = sourcecode.swift; path = HomeViewController.swift; sourceTree = "<group>"; };
		C8A544C227D18D5400132ACC /* Keys.swift */ = {isa = PBXFileReference; fileEncoding = 4; lastKnownFileType = sourcecode.swift; path = Keys.swift; sourceTree = "<group>"; };
		C8CB5E882811CC4C007FB8A8 /* Extension+UIColor.swift */ = {isa = PBXFileReference; lastKnownFileType = sourcecode.swift; path = "Extension+UIColor.swift"; sourceTree = "<group>"; };
		C8CB5E8B2811CEC9007FB8A8 /* HomeTableViewCell.swift */ = {isa = PBXFileReference; lastKnownFileType = sourcecode.swift; path = HomeTableViewCell.swift; sourceTree = "<group>"; };
		C8CB5E8D28182CC3007FB8A8 /* HomeTableViewHeader.swift */ = {isa = PBXFileReference; lastKnownFileType = sourcecode.swift; path = HomeTableViewHeader.swift; sourceTree = "<group>"; };
		C8D2805627D9670100EDD5D3 /* PostRideSummaryViewController.swift */ = {isa = PBXFileReference; lastKnownFileType = sourcecode.swift; path = PostRideSummaryViewController.swift; sourceTree = "<group>"; };
		C8D2805C27D96B0000EDD5D3 /* ProfileViewController.swift */ = {isa = PBXFileReference; lastKnownFileType = sourcecode.swift; path = ProfileViewController.swift; sourceTree = "<group>"; };
		C8D2805E27D985FA00EDD5D3 /* ImageLabelView.swift */ = {isa = PBXFileReference; lastKnownFileType = sourcecode.swift; path = ImageLabelView.swift; sourceTree = "<group>"; };
		C8D2806127D9992600EDD5D3 /* Ride.swift */ = {isa = PBXFileReference; lastKnownFileType = sourcecode.swift; path = Ride.swift; sourceTree = "<group>"; };
		C8EF10C327E2BB8000642B40 /* PreferredContactViewController.swift */ = {isa = PBXFileReference; lastKnownFileType = sourcecode.swift; path = PreferredContactViewController.swift; sourceTree = "<group>"; };
		C8EF10C727E2CCB800642B40 /* OnboardingPageViewController.swift */ = {isa = PBXFileReference; lastKnownFileType = sourcecode.swift; path = OnboardingPageViewController.swift; sourceTree = "<group>"; };
		C8EF10C927E2CEE400642B40 /* PreferencesViewController.swift */ = {isa = PBXFileReference; lastKnownFileType = sourcecode.swift; path = PreferencesViewController.swift; sourceTree = "<group>"; };
		C8EF10CB27E2CEF800642B40 /* FavoritesViewController.swift */ = {isa = PBXFileReference; lastKnownFileType = sourcecode.swift; path = FavoritesViewController.swift; sourceTree = "<group>"; };
		C8EF10CD27E50BFA00642B40 /* OnboardingViewController.swift */ = {isa = PBXFileReference; lastKnownFileType = sourcecode.swift; path = OnboardingViewController.swift; sourceTree = "<group>"; };
/* End PBXFileReference section */

/* Begin PBXFrameworksBuildPhase section */
		C8A5448627D185BD00132ACC /* Frameworks */ = {
			isa = PBXFrameworksBuildPhase;
			buildActionMask = 2147483647;
			files = (
				8E4464A344C5B1529768FAF3 /* Pods_Scoop.framework in Frameworks */,
			);
			runOnlyForDeploymentPostprocessing = 0;
		};
		C8A5449C27D185BF00132ACC /* Frameworks */ = {
			isa = PBXFrameworksBuildPhase;
			buildActionMask = 2147483647;
			files = (
			);
			runOnlyForDeploymentPostprocessing = 0;
		};
		C8A544A627D185BF00132ACC /* Frameworks */ = {
			isa = PBXFrameworksBuildPhase;
			buildActionMask = 2147483647;
			files = (
			);
			runOnlyForDeploymentPostprocessing = 0;
		};
/* End PBXFrameworksBuildPhase section */

/* Begin PBXGroup section */
		2C42B51F290F765B00D053A3 /* fonts */ = {
			isa = PBXGroup;
			children = (
				2C42B520290F767600D053A3 /* Rambla-Regular.ttf */,
				2C85C53329E5B6F000A0C387 /* SFProDisplay-Bold.otf */,
				2C85C53229E5B6F000A0C387 /* SFProDisplay-Regular.otf */,
				2C42B51D290F12B400D053A3 /* Sen-Regular.ttf */,
			);
			path = fonts;
			sourceTree = "<group>";
		};
		2CAB93D12AB269EF009554E7 /* Cells */ = {
			isa = PBXGroup;
			children = (
				2C991EB528E0B2E7006301D9 /* LocationTableViewCell.swift */,
				412EDB8F29B950D300C1C265 /* RequestTableViewCell.swift */,
				C8CB5E8B2811CEC9007FB8A8 /* HomeTableViewCell.swift */,
			);
			path = Cells;
			sourceTree = "<group>";
		};
		4166F54529C26E450022C8D4 /* Recovered References */ = {
			isa = PBXGroup;
			children = (
			);
			name = "Recovered References";
			sourceTree = "<group>";
		};
		89C410FB2ACF38E3005BB8FC /* Profile */ = {
			isa = PBXGroup;
			children = (
				C8D2805C27D96B0000EDD5D3 /* ProfileViewController.swift */,
				8941635B2AC4D69900B0CAE9 /* EditProfileViewController.swift */,
				2CCE49D82AE04F6A0099EAF0 /* BlockUserViewController.swift */,
				2CCE49DA2AE04F750099EAF0 /* ReportUserViewController.swift */,
			);
			path = Profile;
			sourceTree = "<group>";
		};
		8FBFA8714955D4038DDF0D52 /* Pods */ = {
			isa = PBXGroup;
			children = (
				9430FC737D049567581E79B9 /* Pods-Scoop.debug.xcconfig */,
				BD63C2092AD72CD946F81950 /* Pods-Scoop.release.xcconfig */,
			);
			path = Pods;
			sourceTree = "<group>";
		};
		A8FD71466AE987E333E9CDF4 /* Frameworks */ = {
			isa = PBXGroup;
			children = (
				164EA2836D84BC7164FBB6D6 /* Pods_Scoop.framework */,
			);
			name = Frameworks;
			sourceTree = "<group>";
		};
		C83419F027E66FAF00491306 /* Ride Posting */ = {
			isa = PBXGroup;
			children = (
				2CE749E029DBC065009EF309 /* PostRideContainerViewController.swift */,
				2C8C3EB529D4E6710035880B /* PostRidePageViewController.swift */,
				2CE749E229DBD147009EF309 /* PostRideViewController.swift */,
				2C8C3EB629D4E6710035880B /* InitialPostRideViewController.swift */,
				2C12DEB529C64D11003D6683 /* PostRideTripDetailsViewController.swift */,
				C8D2805627D9670100EDD5D3 /* PostRideSummaryViewController.swift */,
			);
			path = "Ride Posting";
			sourceTree = "<group>";
		};
		C845953727ED01A400D2C7F0 /* Utilities */ = {
			isa = PBXGroup;
			children = (
				2C6BE1AE29EF8106007EA3AA /* GoogleService-Info.plist */,
				2C6BE1AD29EF8106007EA3AA /* Keys.plist */,
				C845953827ED01B200D2C7F0 /* PhoneFormatter.swift */,
				C83CD58927F3B27200EDA255 /* Extension+UIViewController.swift */,
				89C410F72ACE0DCC005BB8FC /* Extension+UIImage.swift */,
				C8CB5E882811CC4C007FB8A8 /* Extension+UIColor.swift */,
				89C410F92ACF0B6F005BB8FC /* Extension+UIFont.swift */,
				2CCE49DC2AE054CA0099EAF0 /* ModalViewController.swift */,
			);
			path = Utilities;
			sourceTree = "<group>";
		};
		C85E2E1B27DBFFE90004C506 /* Onboarding */ = {
			isa = PBXGroup;
			children = (
				C8EF10C727E2CCB800642B40 /* OnboardingPageViewController.swift */,
				2CD7304329C35F6E00F4CF5A /* OnboardingContainerViewController.swift */,
				C8EF10CD27E50BFA00642B40 /* OnboardingViewController.swift */,
				C85E2E1E27DC0D850004C506 /* AboutYouViewController.swift */,
				C8EF10C327E2BB8000642B40 /* PreferredContactViewController.swift */,
				C8EF10C927E2CEE400642B40 /* PreferencesViewController.swift */,
				C8EF10CB27E2CEF800642B40 /* FavoritesViewController.swift */,
				C85E2E1C27DBFFFA0004C506 /* ProfilePictureViewController.swift */,
				2C1D968829F89C1000065C78 /* VerifyPhoneNumberViewController.swift */,
			);
			path = Onboarding;
			sourceTree = "<group>";
		};
		C8A5448027D185BD00132ACC = {
			isa = PBXGroup;
			children = (
				C8A5448B27D185BD00132ACC /* Scoop */,
				C8A544A227D185BF00132ACC /* ScoopTests */,
				C8A544AC27D185BF00132ACC /* ScoopUITests */,
				C8A5448A27D185BD00132ACC /* Products */,
				8FBFA8714955D4038DDF0D52 /* Pods */,
				A8FD71466AE987E333E9CDF4 /* Frameworks */,
				4166F54529C26E450022C8D4 /* Recovered References */,
			);
			sourceTree = "<group>";
		};
		C8A5448A27D185BD00132ACC /* Products */ = {
			isa = PBXGroup;
			children = (
				C8A5448927D185BD00132ACC /* Scoop.app */,
				C8A5449F27D185BF00132ACC /* ScoopTests.xctest */,
				C8A544A927D185BF00132ACC /* ScoopUITests.xctest */,
			);
			name = Products;
			sourceTree = "<group>";
		};
		C8A5448B27D185BD00132ACC /* Scoop */ = {
			isa = PBXGroup;
			children = (
				2C0E135E29F0CD0C000ED04C /* Scoop.entitlements */,
				C8A5448C27D185BD00132ACC /* AppDelegate.swift */,
				C8A5448E27D185BD00132ACC /* SceneDelegate.swift */,
				C8A544BF27D18D0E00132ACC /* Model */,
				C8A544C027D18D1300132ACC /* View */,
				2CAB93D12AB269EF009554E7 /* Cells */,
				C8A544BE27D18D0800132ACC /* Controller */,
				2C881C7D29945C3400E6DEDE /* NetworkManager.swift */,
				2C09F7E429E07542006003AA /* SearchRidesViewController.swift */,
				C8A544C127D18D1B00132ACC /* Supporting */,
			);
			path = Scoop;
			sourceTree = "<group>";
		};
		C8A544A227D185BF00132ACC /* ScoopTests */ = {
			isa = PBXGroup;
			children = (
				C8A544A327D185BF00132ACC /* ScoopTests.swift */,
			);
			path = ScoopTests;
			sourceTree = "<group>";
		};
		C8A544AC27D185BF00132ACC /* ScoopUITests */ = {
			isa = PBXGroup;
			children = (
				C8A544AD27D185BF00132ACC /* ScoopUITests.swift */,
				C8A544AF27D185BF00132ACC /* ScoopUITestsLaunchTests.swift */,
			);
			path = ScoopUITests;
			sourceTree = "<group>";
		};
		C8A544BE27D18D0800132ACC /* Controller */ = {
			isa = PBXGroup;
			children = (
				2C991EB028E0B2E7006301D9 /* ArrivalSearchViewController.swift */,
				2C991EB428E0B2E7006301D9 /* DepartureSearchViewController.swift */,
				2C991EB628E0B2E7006301D9 /* LocationViewController.swift */,
				C8A5449027D185BD00132ACC /* LoginViewController.swift */,
				2C991EB728E0B2E7006301D9 /* MatchesViewController.swift */,
				2C991EB328E0B2E7006301D9 /* SearchInitialViewController.swift */,
				2CFA071529A67C710085A0B8 /* TripDetailsViewController.swift */,
				2C991EB228E0B2E7006301D9 /* ViewController.swift */,
				C8CB5E8A2811CEAA007FB8A8 /* Home */,
				89C410FB2ACF38E3005BB8FC /* Profile */,
				C85E2E1B27DBFFE90004C506 /* Onboarding */,
				C83419F027E66FAF00491306 /* Ride Posting */,
			);
			path = Controller;
			sourceTree = "<group>";
		};
		C8A544BF27D18D0E00132ACC /* Model */ = {
			isa = PBXGroup;
			children = (
				C8D2806127D9992600EDD5D3 /* Ride.swift */,
				2C85C53829E5B85300A0C387 /* Request.swift */,
				C83419EE27E65A4B00491306 /* User.swift */,
				2C67E4FF299460DF00195BB5 /* UserSession.swift */,
				4176A1E8299D2F01008B2BC3 /* Path.swift */,
				2C5672FD29CBE5EB001E37FB /* Prompts.swift */,
			);
			path = Model;
			sourceTree = "<group>";
		};
		C8A544C027D18D1300132ACC /* View */ = {
			isa = PBXGroup;
			children = (
				C8CB5E8D28182CC3007FB8A8 /* HomeTableViewHeader.swift */,
				C8D2805E27D985FA00EDD5D3 /* ImageLabelView.swift */,
				2C09F7E629E085A1006003AA /* ImageTextField.swift */,
				2CAB93CF2AB262DF009554E7 /* OnboardingTextField.swift */,
				2CCE49E02AE0770D0099EAF0 /* PaddedTextView.swift */,
				2CECCDC22AC4D705009CC4A0 /* LabeledTextField.swift */,
				2CCE49DE2AE076670099EAF0 /* LabeledTextView.swift */,
				2C2015DE2AB4CFAB0065C436 /* ShiftedRightTextField.swift */,
			);
			path = View;
			sourceTree = "<group>";
		};
		C8A544C127D18D1B00132ACC /* Supporting */ = {
			isa = PBXGroup;
			children = (
				2CAB93CC2AB26183009554E7 /* GoogleService-Info.plist */,
				2CAB93CB2AB26183009554E7 /* Keys.plist */,
				2C42B51F290F765B00D053A3 /* fonts */,
				C845953727ED01A400D2C7F0 /* Utilities */,
				C8A544C227D18D5400132ACC /* Keys.swift */,
				2C67E4FB29945E5E00195BB5 /* Constants.swift */,
				2C3294832AD7351800F6B1B4 /* PickerOptions.swift */,
				C8A5449A27D185BF00132ACC /* Info.plist */,
				C8A5449727D185BF00132ACC /* LaunchScreen.storyboard */,
				C8A5449527D185BF00132ACC /* Assets.xcassets */,
			);
			path = Supporting;
			sourceTree = "<group>";
		};
		C8CB5E8A2811CEAA007FB8A8 /* Home */ = {
			isa = PBXGroup;
			children = (
				C8A544BC27D18D0200132ACC /* HomeViewController.swift */,
				410D78BF29B8166D0007E434 /* NotificationsViewController.swift */,
				8940F1E62AEDB83A0025D579 /* EmptyStateView.swift */,
			);
			path = Home;
			sourceTree = "<group>";
		};
/* End PBXGroup section */

/* Begin PBXNativeTarget section */
		C8A5448827D185BD00132ACC /* Scoop */ = {
			isa = PBXNativeTarget;
			buildConfigurationList = C8A544B327D185BF00132ACC /* Build configuration list for PBXNativeTarget "Scoop" */;
			buildPhases = (
				77E809C4032732B51F52BC4A /* [CP] Check Pods Manifest.lock */,
				C8A5448527D185BD00132ACC /* Sources */,
				C8A5448627D185BD00132ACC /* Frameworks */,
				C8A5448727D185BD00132ACC /* Resources */,
				8A632C6414BAE6D83ED8989B /* [CP] Embed Pods Frameworks */,
				0D70309D7A5F373681E1DFB7 /* [CP] Copy Pods Resources */,
				2C7A85D22ADB238600C9BA7D /* SwiftLint */,
			);
			buildRules = (
			);
			dependencies = (
			);
			name = Scoop;
			productName = Scoop;
			productReference = C8A5448927D185BD00132ACC /* Scoop.app */;
			productType = "com.apple.product-type.application";
		};
		C8A5449E27D185BF00132ACC /* ScoopTests */ = {
			isa = PBXNativeTarget;
			buildConfigurationList = C8A544B627D185BF00132ACC /* Build configuration list for PBXNativeTarget "ScoopTests" */;
			buildPhases = (
				C8A5449B27D185BF00132ACC /* Sources */,
				C8A5449C27D185BF00132ACC /* Frameworks */,
				C8A5449D27D185BF00132ACC /* Resources */,
			);
			buildRules = (
			);
			dependencies = (
				C8A544A127D185BF00132ACC /* PBXTargetDependency */,
			);
			name = ScoopTests;
			productName = ScoopTests;
			productReference = C8A5449F27D185BF00132ACC /* ScoopTests.xctest */;
			productType = "com.apple.product-type.bundle.unit-test";
		};
		C8A544A827D185BF00132ACC /* ScoopUITests */ = {
			isa = PBXNativeTarget;
			buildConfigurationList = C8A544B927D185BF00132ACC /* Build configuration list for PBXNativeTarget "ScoopUITests" */;
			buildPhases = (
				C8A544A527D185BF00132ACC /* Sources */,
				C8A544A627D185BF00132ACC /* Frameworks */,
				C8A544A727D185BF00132ACC /* Resources */,
			);
			buildRules = (
			);
			dependencies = (
				C8A544AB27D185BF00132ACC /* PBXTargetDependency */,
			);
			name = ScoopUITests;
			productName = ScoopUITests;
			productReference = C8A544A927D185BF00132ACC /* ScoopUITests.xctest */;
			productType = "com.apple.product-type.bundle.ui-testing";
		};
/* End PBXNativeTarget section */

/* Begin PBXProject section */
		C8A5448127D185BD00132ACC /* Project object */ = {
			isa = PBXProject;
			attributes = {
				BuildIndependentTargetsInParallel = 1;
				LastSwiftUpdateCheck = 1320;
				LastUpgradeCheck = 1320;
				TargetAttributes = {
					C8A5448827D185BD00132ACC = {
						CreatedOnToolsVersion = 13.2.1;
					};
					C8A5449E27D185BF00132ACC = {
						CreatedOnToolsVersion = 13.2.1;
						TestTargetID = C8A5448827D185BD00132ACC;
					};
					C8A544A827D185BF00132ACC = {
						CreatedOnToolsVersion = 13.2.1;
						TestTargetID = C8A5448827D185BD00132ACC;
					};
				};
			};
			buildConfigurationList = C8A5448427D185BD00132ACC /* Build configuration list for PBXProject "Scoop" */;
			compatibilityVersion = "Xcode 13.0";
			developmentRegion = en;
			hasScannedForEncodings = 0;
			knownRegions = (
				en,
				Base,
			);
			mainGroup = C8A5448027D185BD00132ACC;
			productRefGroup = C8A5448A27D185BD00132ACC /* Products */;
			projectDirPath = "";
			projectRoot = "";
			targets = (
				C8A5448827D185BD00132ACC /* Scoop */,
				C8A5449E27D185BF00132ACC /* ScoopTests */,
				C8A544A827D185BF00132ACC /* ScoopUITests */,
			);
		};
/* End PBXProject section */

/* Begin PBXResourcesBuildPhase section */
		C8A5448727D185BD00132ACC /* Resources */ = {
			isa = PBXResourcesBuildPhase;
			buildActionMask = 2147483647;
			files = (
				2CAB93CE2AB26183009554E7 /* GoogleService-Info.plist in Resources */,
				2C42B51E290F12B400D053A3 /* Sen-Regular.ttf in Resources */,
				8939AD902AE0166C0038B20D /* SFProDisplay-Regular.otf in Resources */,
				2C42B521290F767600D053A3 /* Rambla-Regular.ttf in Resources */,
				C8A5449927D185BF00132ACC /* LaunchScreen.storyboard in Resources */,
				2CAB93CD2AB26183009554E7 /* Keys.plist in Resources */,
				C8A5449627D185BF00132ACC /* Assets.xcassets in Resources */,
				8939AD8E2AE016670038B20D /* SFProDisplay-Bold.otf in Resources */,
			);
			runOnlyForDeploymentPostprocessing = 0;
		};
		C8A5449D27D185BF00132ACC /* Resources */ = {
			isa = PBXResourcesBuildPhase;
			buildActionMask = 2147483647;
			files = (
			);
			runOnlyForDeploymentPostprocessing = 0;
		};
		C8A544A727D185BF00132ACC /* Resources */ = {
			isa = PBXResourcesBuildPhase;
			buildActionMask = 2147483647;
			files = (
			);
			runOnlyForDeploymentPostprocessing = 0;
		};
/* End PBXResourcesBuildPhase section */

/* Begin PBXShellScriptBuildPhase section */
		0D70309D7A5F373681E1DFB7 /* [CP] Copy Pods Resources */ = {
			isa = PBXShellScriptBuildPhase;
			buildActionMask = 2147483647;
			files = (
			);
			inputFileListPaths = (
				"${PODS_ROOT}/Target Support Files/Pods-Scoop/Pods-Scoop-resources-${CONFIGURATION}-input-files.xcfilelist",
			);
			name = "[CP] Copy Pods Resources";
			outputFileListPaths = (
				"${PODS_ROOT}/Target Support Files/Pods-Scoop/Pods-Scoop-resources-${CONFIGURATION}-output-files.xcfilelist",
			);
			runOnlyForDeploymentPostprocessing = 0;
			shellPath = /bin/sh;
			shellScript = "\"${PODS_ROOT}/Target Support Files/Pods-Scoop/Pods-Scoop-resources.sh\"\n";
			showEnvVarsInLog = 0;
		};
		2C7A85D22ADB238600C9BA7D /* SwiftLint */ = {
			isa = PBXShellScriptBuildPhase;
			buildActionMask = 2147483647;
			files = (
			);
			inputFileListPaths = (
			);
			inputPaths = (
			);
			name = SwiftLint;
			outputFileListPaths = (
			);
			outputPaths = (
			);
			runOnlyForDeploymentPostprocessing = 0;
			shellPath = /bin/sh;
			shellScript = "
";
		};
		77E809C4032732B51F52BC4A /* [CP] Check Pods Manifest.lock */ = {
			isa = PBXShellScriptBuildPhase;
			buildActionMask = 2147483647;
			files = (
			);
			inputFileListPaths = (
			);
			inputPaths = (
				"${PODS_PODFILE_DIR_PATH}/Podfile.lock",
				"${PODS_ROOT}/Manifest.lock",
			);
			name = "[CP] Check Pods Manifest.lock";
			outputFileListPaths = (
			);
			outputPaths = (
				"$(DERIVED_FILE_DIR)/Pods-Scoop-checkManifestLockResult.txt",
			);
			runOnlyForDeploymentPostprocessing = 0;
			shellPath = /bin/sh;
			shellScript = "diff \"${PODS_PODFILE_DIR_PATH}/Podfile.lock\" \"${PODS_ROOT}/Manifest.lock\" > /dev/null\nif [ $? != 0 ] ; then\n    # print error to STDERR\n    echo \"error: The sandbox is not in sync with the Podfile.lock. Run 'pod install' or update your CocoaPods installation.\" >&2\n    exit 1\nfi\n# This output is used by Xcode 'outputs' to avoid re-running this script phase.\necho \"SUCCESS\" > \"${SCRIPT_OUTPUT_FILE_0}\"\n";
			showEnvVarsInLog = 0;
		};
		8A632C6414BAE6D83ED8989B /* [CP] Embed Pods Frameworks */ = {
			isa = PBXShellScriptBuildPhase;
			buildActionMask = 2147483647;
			files = (
			);
			inputFileListPaths = (
				"${PODS_ROOT}/Target Support Files/Pods-Scoop/Pods-Scoop-frameworks-${CONFIGURATION}-input-files.xcfilelist",
			);
			name = "[CP] Embed Pods Frameworks";
			outputFileListPaths = (
				"${PODS_ROOT}/Target Support Files/Pods-Scoop/Pods-Scoop-frameworks-${CONFIGURATION}-output-files.xcfilelist",
			);
			runOnlyForDeploymentPostprocessing = 0;
			shellPath = /bin/sh;
			shellScript = "\"${PODS_ROOT}/Target Support Files/Pods-Scoop/Pods-Scoop-frameworks.sh\"\n";
			showEnvVarsInLog = 0;
		};
/* End PBXShellScriptBuildPhase section */

/* Begin PBXSourcesBuildPhase section */
		C8A5448527D185BD00132ACC /* Sources */ = {
			isa = PBXSourcesBuildPhase;
			buildActionMask = 2147483647;
			files = (
				2CAB93D02AB262DF009554E7 /* OnboardingTextField.swift in Sources */,
				2C881C7E29945C3400E6DEDE /* NetworkManager.swift in Sources */,
				2C991EBA28E0B2E7006301D9 /* ViewController.swift in Sources */,
				2C991EBB28E0B2E7006301D9 /* SearchInitialViewController.swift in Sources */,
				C8A5449127D185BD00132ACC /* LoginViewController.swift in Sources */,
				2C09F7E529E07542006003AA /* SearchRidesViewController.swift in Sources */,
				C8CB5E8C2811CEC9007FB8A8 /* HomeTableViewCell.swift in Sources */,
				2CCE49DD2AE054CA0099EAF0 /* ModalViewController.swift in Sources */,
				2C8C3EB829D4E6710035880B /* InitialPostRideViewController.swift in Sources */,
				C8A5448D27D185BD00132ACC /* AppDelegate.swift in Sources */,
				2C991EBF28E0B2E7006301D9 /* MatchesViewController.swift in Sources */,
				2C09F7E729E085A1006003AA /* ImageTextField.swift in Sources */,
				2CCE49DB2AE04F750099EAF0 /* ReportUserViewController.swift in Sources */,
				4176A1E9299D2F01008B2BC3 /* Path.swift in Sources */,
				2C991EB828E0B2E7006301D9 /* ArrivalSearchViewController.swift in Sources */,
				2CCE49E12AE0770D0099EAF0 /* PaddedTextView.swift in Sources */,
				C85E2E1F27DC0D850004C506 /* AboutYouViewController.swift in Sources */,
				C85E2E1D27DBFFFA0004C506 /* ProfilePictureViewController.swift in Sources */,
				89C410F82ACE0DCC005BB8FC /* Extension+UIImage.swift in Sources */,
				C83CD58A27F3B27200EDA255 /* Extension+UIViewController.swift in Sources */,
				410D78C029B8166D0007E434 /* NotificationsViewController.swift in Sources */,
				C8D2806227D9992600EDD5D3 /* Ride.swift in Sources */,
				C8CB5E892811CC4C007FB8A8 /* Extension+UIColor.swift in Sources */,
				2CECCDC32AC4D705009CC4A0 /* LabeledTextField.swift in Sources */,
				C8EF10C827E2CCB800642B40 /* OnboardingPageViewController.swift in Sources */,
				C8EF10CC27E2CEF800642B40 /* FavoritesViewController.swift in Sources */,
				89C410FA2ACF0B6F005BB8FC /* Extension+UIFont.swift in Sources */,
				C8D2805F27D985FA00EDD5D3 /* ImageLabelView.swift in Sources */,
				C8A5448F27D185BD00132ACC /* SceneDelegate.swift in Sources */,
				412EDB9029B950D300C1C265 /* RequestTableViewCell.swift in Sources */,
				C845953927ED01B200D2C7F0 /* PhoneFormatter.swift in Sources */,
				2CD7304429C35F6F00F4CF5A /* OnboardingContainerViewController.swift in Sources */,
				2C5672FE29CBE5EB001E37FB /* Prompts.swift in Sources */,
				2CE749E129DBC065009EF309 /* PostRideContainerViewController.swift in Sources */,
				2CCE49DF2AE076670099EAF0 /* LabeledTextView.swift in Sources */,
				2CE749E329DBD147009EF309 /* PostRideViewController.swift in Sources */,
				2CFA071629A67C710085A0B8 /* TripDetailsViewController.swift in Sources */,
				2C991EBE28E0B2E7006301D9 /* LocationViewController.swift in Sources */,
				C8A544BD27D18D0200132ACC /* HomeViewController.swift in Sources */,
				2C85C53929E5B85300A0C387 /* Request.swift in Sources */,
				2C3294842AD7351800F6B1B4 /* PickerOptions.swift in Sources */,
				C8EF10CE27E50BFA00642B40 /* OnboardingViewController.swift in Sources */,
				8940F1E72AEDB83A0025D579 /* EmptyStateView.swift in Sources */,
				2C991EBC28E0B2E7006301D9 /* DepartureSearchViewController.swift in Sources */,
				C8CB5E8E28182CC3007FB8A8 /* HomeTableViewHeader.swift in Sources */,
				C8EF10CA27E2CEE400642B40 /* PreferencesViewController.swift in Sources */,
				2C67E500299460DF00195BB5 /* UserSession.swift in Sources */,
				2C8C3EB729D4E6710035880B /* PostRidePageViewController.swift in Sources */,
				C8D2805D27D96B0000EDD5D3 /* ProfileViewController.swift in Sources */,
				C8EF10C427E2BB8000642B40 /* PreferredContactViewController.swift in Sources */,
				C8D2805727D9670100EDD5D3 /* PostRideSummaryViewController.swift in Sources */,
				2CCE49D92AE04F6A0099EAF0 /* BlockUserViewController.swift in Sources */,
				2C12DEB629C64D11003D6683 /* PostRideTripDetailsViewController.swift in Sources */,
				C8A544C427D18D5400132ACC /* Keys.swift in Sources */,
				2C1D968929F89C1000065C78 /* VerifyPhoneNumberViewController.swift in Sources */,
				2C991EBD28E0B2E7006301D9 /* LocationTableViewCell.swift in Sources */,
				C83419EF27E65A4B00491306 /* User.swift in Sources */,
				2C67E4FC29945E5E00195BB5 /* Constants.swift in Sources */,
				8941635C2AC4D69900B0CAE9 /* EditProfileViewController.swift in Sources */,
				2C2015DF2AB4CFAB0065C436 /* ShiftedRightTextField.swift in Sources */,
			);
			runOnlyForDeploymentPostprocessing = 0;
		};
		C8A5449B27D185BF00132ACC /* Sources */ = {
			isa = PBXSourcesBuildPhase;
			buildActionMask = 2147483647;
			files = (
				C8A544A427D185BF00132ACC /* ScoopTests.swift in Sources */,
			);
			runOnlyForDeploymentPostprocessing = 0;
		};
		C8A544A527D185BF00132ACC /* Sources */ = {
			isa = PBXSourcesBuildPhase;
			buildActionMask = 2147483647;
			files = (
				C8A544AE27D185BF00132ACC /* ScoopUITests.swift in Sources */,
				C8A544B027D185BF00132ACC /* ScoopUITestsLaunchTests.swift in Sources */,
			);
			runOnlyForDeploymentPostprocessing = 0;
		};
/* End PBXSourcesBuildPhase section */

/* Begin PBXTargetDependency section */
		C8A544A127D185BF00132ACC /* PBXTargetDependency */ = {
			isa = PBXTargetDependency;
			target = C8A5448827D185BD00132ACC /* Scoop */;
			targetProxy = C8A544A027D185BF00132ACC /* PBXContainerItemProxy */;
		};
		C8A544AB27D185BF00132ACC /* PBXTargetDependency */ = {
			isa = PBXTargetDependency;
			target = C8A5448827D185BD00132ACC /* Scoop */;
			targetProxy = C8A544AA27D185BF00132ACC /* PBXContainerItemProxy */;
		};
/* End PBXTargetDependency section */

/* Begin PBXVariantGroup section */
		C8A5449727D185BF00132ACC /* LaunchScreen.storyboard */ = {
			isa = PBXVariantGroup;
			children = (
				C8A5449827D185BF00132ACC /* Base */,
			);
			name = LaunchScreen.storyboard;
			sourceTree = "<group>";
		};
/* End PBXVariantGroup section */

/* Begin XCBuildConfiguration section */
		C8A544B127D185BF00132ACC /* Debug */ = {
			isa = XCBuildConfiguration;
			buildSettings = {
				ALWAYS_SEARCH_USER_PATHS = NO;
				CLANG_ANALYZER_NONNULL = YES;
				CLANG_ANALYZER_NUMBER_OBJECT_CONVERSION = YES_AGGRESSIVE;
				CLANG_CXX_LANGUAGE_STANDARD = "gnu++17";
				CLANG_CXX_LIBRARY = "libc++";
				CLANG_ENABLE_MODULES = YES;
				CLANG_ENABLE_OBJC_ARC = YES;
				CLANG_ENABLE_OBJC_WEAK = YES;
				CLANG_WARN_BLOCK_CAPTURE_AUTORELEASING = YES;
				CLANG_WARN_BOOL_CONVERSION = YES;
				CLANG_WARN_COMMA = YES;
				CLANG_WARN_CONSTANT_CONVERSION = YES;
				CLANG_WARN_DEPRECATED_OBJC_IMPLEMENTATIONS = YES;
				CLANG_WARN_DIRECT_OBJC_ISA_USAGE = YES_ERROR;
				CLANG_WARN_DOCUMENTATION_COMMENTS = YES;
				CLANG_WARN_EMPTY_BODY = YES;
				CLANG_WARN_ENUM_CONVERSION = YES;
				CLANG_WARN_INFINITE_RECURSION = YES;
				CLANG_WARN_INT_CONVERSION = YES;
				CLANG_WARN_NON_LITERAL_NULL_CONVERSION = YES;
				CLANG_WARN_OBJC_IMPLICIT_RETAIN_SELF = YES;
				CLANG_WARN_OBJC_LITERAL_CONVERSION = YES;
				CLANG_WARN_OBJC_ROOT_CLASS = YES_ERROR;
				CLANG_WARN_QUOTED_INCLUDE_IN_FRAMEWORK_HEADER = YES;
				CLANG_WARN_RANGE_LOOP_ANALYSIS = YES;
				CLANG_WARN_STRICT_PROTOTYPES = YES;
				CLANG_WARN_SUSPICIOUS_MOVE = YES;
				CLANG_WARN_UNGUARDED_AVAILABILITY = YES_AGGRESSIVE;
				CLANG_WARN_UNREACHABLE_CODE = YES;
				CLANG_WARN__DUPLICATE_METHOD_MATCH = YES;
				COPY_PHASE_STRIP = NO;
				DEBUG_INFORMATION_FORMAT = dwarf;
				ENABLE_STRICT_OBJC_MSGSEND = YES;
				ENABLE_TESTABILITY = YES;
				GCC_C_LANGUAGE_STANDARD = gnu11;
				GCC_DYNAMIC_NO_PIC = NO;
				GCC_NO_COMMON_BLOCKS = YES;
				GCC_OPTIMIZATION_LEVEL = 0;
				GCC_PREPROCESSOR_DEFINITIONS = (
					"DEBUG=1",
					"$(inherited)",
				);
				GCC_WARN_64_TO_32_BIT_CONVERSION = YES;
				GCC_WARN_ABOUT_RETURN_TYPE = YES_ERROR;
				GCC_WARN_UNDECLARED_SELECTOR = YES;
				GCC_WARN_UNINITIALIZED_AUTOS = YES_AGGRESSIVE;
				GCC_WARN_UNUSED_FUNCTION = YES;
				GCC_WARN_UNUSED_VARIABLE = YES;
				IPHONEOS_DEPLOYMENT_TARGET = 15.2;
				MTL_ENABLE_DEBUG_INFO = INCLUDE_SOURCE;
				MTL_FAST_MATH = YES;
				ONLY_ACTIVE_ARCH = YES;
				SDKROOT = iphoneos;
				SWIFT_ACTIVE_COMPILATION_CONDITIONS = DEBUG;
				SWIFT_OPTIMIZATION_LEVEL = "-Onone";
			};
			name = Debug;
		};
		C8A544B227D185BF00132ACC /* Release */ = {
			isa = XCBuildConfiguration;
			buildSettings = {
				ALWAYS_SEARCH_USER_PATHS = NO;
				CLANG_ANALYZER_NONNULL = YES;
				CLANG_ANALYZER_NUMBER_OBJECT_CONVERSION = YES_AGGRESSIVE;
				CLANG_CXX_LANGUAGE_STANDARD = "gnu++17";
				CLANG_CXX_LIBRARY = "libc++";
				CLANG_ENABLE_MODULES = YES;
				CLANG_ENABLE_OBJC_ARC = YES;
				CLANG_ENABLE_OBJC_WEAK = YES;
				CLANG_WARN_BLOCK_CAPTURE_AUTORELEASING = YES;
				CLANG_WARN_BOOL_CONVERSION = YES;
				CLANG_WARN_COMMA = YES;
				CLANG_WARN_CONSTANT_CONVERSION = YES;
				CLANG_WARN_DEPRECATED_OBJC_IMPLEMENTATIONS = YES;
				CLANG_WARN_DIRECT_OBJC_ISA_USAGE = YES_ERROR;
				CLANG_WARN_DOCUMENTATION_COMMENTS = YES;
				CLANG_WARN_EMPTY_BODY = YES;
				CLANG_WARN_ENUM_CONVERSION = YES;
				CLANG_WARN_INFINITE_RECURSION = YES;
				CLANG_WARN_INT_CONVERSION = YES;
				CLANG_WARN_NON_LITERAL_NULL_CONVERSION = YES;
				CLANG_WARN_OBJC_IMPLICIT_RETAIN_SELF = YES;
				CLANG_WARN_OBJC_LITERAL_CONVERSION = YES;
				CLANG_WARN_OBJC_ROOT_CLASS = YES_ERROR;
				CLANG_WARN_QUOTED_INCLUDE_IN_FRAMEWORK_HEADER = YES;
				CLANG_WARN_RANGE_LOOP_ANALYSIS = YES;
				CLANG_WARN_STRICT_PROTOTYPES = YES;
				CLANG_WARN_SUSPICIOUS_MOVE = YES;
				CLANG_WARN_UNGUARDED_AVAILABILITY = YES_AGGRESSIVE;
				CLANG_WARN_UNREACHABLE_CODE = YES;
				CLANG_WARN__DUPLICATE_METHOD_MATCH = YES;
				COPY_PHASE_STRIP = NO;
				DEBUG_INFORMATION_FORMAT = "dwarf-with-dsym";
				ENABLE_NS_ASSERTIONS = NO;
				ENABLE_STRICT_OBJC_MSGSEND = YES;
				GCC_C_LANGUAGE_STANDARD = gnu11;
				GCC_NO_COMMON_BLOCKS = YES;
				GCC_WARN_64_TO_32_BIT_CONVERSION = YES;
				GCC_WARN_ABOUT_RETURN_TYPE = YES_ERROR;
				GCC_WARN_UNDECLARED_SELECTOR = YES;
				GCC_WARN_UNINITIALIZED_AUTOS = YES_AGGRESSIVE;
				GCC_WARN_UNUSED_FUNCTION = YES;
				GCC_WARN_UNUSED_VARIABLE = YES;
				IPHONEOS_DEPLOYMENT_TARGET = 15.2;
				MTL_ENABLE_DEBUG_INFO = NO;
				MTL_FAST_MATH = YES;
				SDKROOT = iphoneos;
				SWIFT_COMPILATION_MODE = wholemodule;
				SWIFT_OPTIMIZATION_LEVEL = "-O";
				VALIDATE_PRODUCT = YES;
			};
			name = Release;
		};
		C8A544B427D185BF00132ACC /* Debug */ = {
			isa = XCBuildConfiguration;
			baseConfigurationReference = 9430FC737D049567581E79B9 /* Pods-Scoop.debug.xcconfig */;
			buildSettings = {
				ASSETCATALOG_COMPILER_APPICON_NAME = AppIcon;
				ASSETCATALOG_COMPILER_GLOBAL_ACCENT_COLOR_NAME = AccentColor;
				CODE_SIGN_ENTITLEMENTS = Scoop/Scoop.entitlements;
				CODE_SIGN_STYLE = Automatic;
				CURRENT_PROJECT_VERSION = 6;
				DEVELOPMENT_TEAM = ZGMCXU7X3U;
				GENERATE_INFOPLIST_FILE = YES;
				INFOPLIST_FILE = Scoop/Supporting/Info.plist;
				INFOPLIST_KEY_CFBundleDisplayName = Scooped;
				INFOPLIST_KEY_LSApplicationCategoryType = "public.app-category.travel";
				INFOPLIST_KEY_NSCameraUsageDescription = "This app uses the camera for uploading profile pictures.";
				INFOPLIST_KEY_NSLocationAlwaysUsageDescription = "This application requires location services to work.";
				INFOPLIST_KEY_NSLocationWhenInUseUsageDescription = "This application requires location services to work.";
				INFOPLIST_KEY_NSPhotoLibraryUsageDescription = "This app uses the photo library for uploading profile pictures.";
				INFOPLIST_KEY_UIApplicationSupportsIndirectInputEvents = YES;
				INFOPLIST_KEY_UILaunchStoryboardName = LaunchScreen;
				INFOPLIST_KEY_UISupportedInterfaceOrientations = UIInterfaceOrientationPortrait;
				INFOPLIST_KEY_UISupportedInterfaceOrientations_iPad = "UIInterfaceOrientationLandscapeLeft UIInterfaceOrientationLandscapeRight UIInterfaceOrientationPortrait UIInterfaceOrientationPortraitUpsideDown";
				INFOPLIST_KEY_UIUserInterfaceStyle = Light;
				IPHONEOS_DEPLOYMENT_TARGET = 14.0;
				LD_RUNPATH_SEARCH_PATHS = (
					"$(inherited)",
					"@executable_path/Frameworks",
				);
				MARKETING_VERSION = 1.0.4;
				PRODUCT_BUNDLE_IDENTIFIER = com.cornellappdev.scoop;
				PRODUCT_NAME = "$(TARGET_NAME)";
				SWIFT_EMIT_LOC_STRINGS = YES;
				SWIFT_VERSION = 5.0;
				TARGETED_DEVICE_FAMILY = 1;
			};
			name = Debug;
		};
		C8A544B527D185BF00132ACC /* Release */ = {
			isa = XCBuildConfiguration;
			baseConfigurationReference = BD63C2092AD72CD946F81950 /* Pods-Scoop.release.xcconfig */;
			buildSettings = {
				ASSETCATALOG_COMPILER_APPICON_NAME = AppIcon;
				ASSETCATALOG_COMPILER_GLOBAL_ACCENT_COLOR_NAME = AccentColor;
				CODE_SIGN_ENTITLEMENTS = Scoop/Scoop.entitlements;
				CODE_SIGN_STYLE = Automatic;
				CURRENT_PROJECT_VERSION = 6;
				DEVELOPMENT_TEAM = ZGMCXU7X3U;
				GENERATE_INFOPLIST_FILE = YES;
				INFOPLIST_FILE = Scoop/Supporting/Info.plist;
				INFOPLIST_KEY_CFBundleDisplayName = Scooped;
				INFOPLIST_KEY_LSApplicationCategoryType = "public.app-category.travel";
				INFOPLIST_KEY_NSCameraUsageDescription = "This app uses the camera for uploading profile pictures.";
				INFOPLIST_KEY_NSLocationAlwaysUsageDescription = "This application requires location services to work.";
				INFOPLIST_KEY_NSLocationWhenInUseUsageDescription = "This application requires location services to work.";
				INFOPLIST_KEY_NSPhotoLibraryUsageDescription = "This app uses the photo library for uploading profile pictures.";
				INFOPLIST_KEY_UIApplicationSupportsIndirectInputEvents = YES;
				INFOPLIST_KEY_UILaunchStoryboardName = LaunchScreen;
				INFOPLIST_KEY_UISupportedInterfaceOrientations = UIInterfaceOrientationPortrait;
				INFOPLIST_KEY_UISupportedInterfaceOrientations_iPad = "UIInterfaceOrientationLandscapeLeft UIInterfaceOrientationLandscapeRight UIInterfaceOrientationPortrait UIInterfaceOrientationPortraitUpsideDown";
				INFOPLIST_KEY_UIUserInterfaceStyle = Light;
				IPHONEOS_DEPLOYMENT_TARGET = 14.0;
				LD_RUNPATH_SEARCH_PATHS = (
					"$(inherited)",
					"@executable_path/Frameworks",
				);
				MARKETING_VERSION = 1.0.4;
				PRODUCT_BUNDLE_IDENTIFIER = com.cornellappdev.scoop;
				PRODUCT_NAME = "$(TARGET_NAME)";
				SWIFT_EMIT_LOC_STRINGS = YES;
				SWIFT_VERSION = 5.0;
				TARGETED_DEVICE_FAMILY = 1;
			};
			name = Release;
		};
		C8A544B727D185BF00132ACC /* Debug */ = {
			isa = XCBuildConfiguration;
			buildSettings = {
				ALWAYS_EMBED_SWIFT_STANDARD_LIBRARIES = YES;
				BUNDLE_LOADER = "$(TEST_HOST)";
				CODE_SIGN_STYLE = Automatic;
				CURRENT_PROJECT_VERSION = 1;
				DEVELOPMENT_TEAM = ZGMCXU7X3U;
				GENERATE_INFOPLIST_FILE = YES;
				IPHONEOS_DEPLOYMENT_TARGET = 15.2;
				MARKETING_VERSION = 1.0;
				PRODUCT_BUNDLE_IDENTIFIER = com.cornellappdev.ScoopTests;
				PRODUCT_NAME = "$(TARGET_NAME)";
				SWIFT_EMIT_LOC_STRINGS = NO;
				SWIFT_VERSION = 5.0;
				TARGETED_DEVICE_FAMILY = "1,2";
				TEST_HOST = "$(BUILT_PRODUCTS_DIR)/Scoop.app/Scoop";
			};
			name = Debug;
		};
		C8A544B827D185BF00132ACC /* Release */ = {
			isa = XCBuildConfiguration;
			buildSettings = {
				ALWAYS_EMBED_SWIFT_STANDARD_LIBRARIES = YES;
				BUNDLE_LOADER = "$(TEST_HOST)";
				CODE_SIGN_STYLE = Automatic;
				CURRENT_PROJECT_VERSION = 1;
				DEVELOPMENT_TEAM = ZGMCXU7X3U;
				GENERATE_INFOPLIST_FILE = YES;
				IPHONEOS_DEPLOYMENT_TARGET = 15.2;
				MARKETING_VERSION = 1.0;
				PRODUCT_BUNDLE_IDENTIFIER = com.cornellappdev.ScoopTests;
				PRODUCT_NAME = "$(TARGET_NAME)";
				SWIFT_EMIT_LOC_STRINGS = NO;
				SWIFT_VERSION = 5.0;
				TARGETED_DEVICE_FAMILY = "1,2";
				TEST_HOST = "$(BUILT_PRODUCTS_DIR)/Scoop.app/Scoop";
			};
			name = Release;
		};
		C8A544BA27D185BF00132ACC /* Debug */ = {
			isa = XCBuildConfiguration;
			buildSettings = {
				ALWAYS_EMBED_SWIFT_STANDARD_LIBRARIES = YES;
				CODE_SIGN_STYLE = Automatic;
				CURRENT_PROJECT_VERSION = 1;
				DEVELOPMENT_TEAM = ZGMCXU7X3U;
				GENERATE_INFOPLIST_FILE = YES;
				MARKETING_VERSION = 1.0;
				PRODUCT_BUNDLE_IDENTIFIER = com.cornellappdev.ScoopUITests;
				PRODUCT_NAME = "$(TARGET_NAME)";
				SWIFT_EMIT_LOC_STRINGS = NO;
				SWIFT_VERSION = 5.0;
				TARGETED_DEVICE_FAMILY = "1,2";
				TEST_TARGET_NAME = Scoop;
			};
			name = Debug;
		};
		C8A544BB27D185BF00132ACC /* Release */ = {
			isa = XCBuildConfiguration;
			buildSettings = {
				ALWAYS_EMBED_SWIFT_STANDARD_LIBRARIES = YES;
				CODE_SIGN_STYLE = Automatic;
				CURRENT_PROJECT_VERSION = 1;
				DEVELOPMENT_TEAM = ZGMCXU7X3U;
				GENERATE_INFOPLIST_FILE = YES;
				MARKETING_VERSION = 1.0;
				PRODUCT_BUNDLE_IDENTIFIER = com.cornellappdev.ScoopUITests;
				PRODUCT_NAME = "$(TARGET_NAME)";
				SWIFT_EMIT_LOC_STRINGS = NO;
				SWIFT_VERSION = 5.0;
				TARGETED_DEVICE_FAMILY = "1,2";
				TEST_TARGET_NAME = Scoop;
			};
			name = Release;
		};
/* End XCBuildConfiguration section */

/* Begin XCConfigurationList section */
		C8A5448427D185BD00132ACC /* Build configuration list for PBXProject "Scoop" */ = {
			isa = XCConfigurationList;
			buildConfigurations = (
				C8A544B127D185BF00132ACC /* Debug */,
				C8A544B227D185BF00132ACC /* Release */,
			);
			defaultConfigurationIsVisible = 0;
			defaultConfigurationName = Release;
		};
		C8A544B327D185BF00132ACC /* Build configuration list for PBXNativeTarget "Scoop" */ = {
			isa = XCConfigurationList;
			buildConfigurations = (
				C8A544B427D185BF00132ACC /* Debug */,
				C8A544B527D185BF00132ACC /* Release */,
			);
			defaultConfigurationIsVisible = 0;
			defaultConfigurationName = Release;
		};
		C8A544B627D185BF00132ACC /* Build configuration list for PBXNativeTarget "ScoopTests" */ = {
			isa = XCConfigurationList;
			buildConfigurations = (
				C8A544B727D185BF00132ACC /* Debug */,
				C8A544B827D185BF00132ACC /* Release */,
			);
			defaultConfigurationIsVisible = 0;
			defaultConfigurationName = Release;
		};
		C8A544B927D185BF00132ACC /* Build configuration list for PBXNativeTarget "ScoopUITests" */ = {
			isa = XCConfigurationList;
			buildConfigurations = (
				C8A544BA27D185BF00132ACC /* Debug */,
				C8A544BB27D185BF00132ACC /* Release */,
			);
			defaultConfigurationIsVisible = 0;
			defaultConfigurationName = Release;
		};
/* End XCConfigurationList section */
	};
	rootObject = C8A5448127D185BD00132ACC /* Project object */;
}
