// !$*UTF8*$!
{
	archiveVersion = 1;
	classes = {
	};
	objectVersion = 55;
	objects = {

/* Begin PBXBuildFile section */
		64556347971A3C1A904765FA /* Pods_Rideshare.framework in Frameworks */ = {isa = PBXBuildFile; fileRef = 8B214B94B4BFFCDCBB71CFD2 /* Pods_Rideshare.framework */; };
		C8025CC227C6F5D900130B19 /* HomeViewController.swift in Sources */ = {isa = PBXBuildFile; fileRef = C8025CC127C6F5D900130B19 /* HomeViewController.swift */; };
		C81E808827A33042009CEC49 /* AppDelegate.swift in Sources */ = {isa = PBXBuildFile; fileRef = C81E808727A33042009CEC49 /* AppDelegate.swift */; };
		C81E808A27A33042009CEC49 /* SceneDelegate.swift in Sources */ = {isa = PBXBuildFile; fileRef = C81E808927A33042009CEC49 /* SceneDelegate.swift */; };
		C81E808C27A33042009CEC49 /* ViewController.swift in Sources */ = {isa = PBXBuildFile; fileRef = C81E808B27A33042009CEC49 /* ViewController.swift */; };
		C81E809127A33043009CEC49 /* Assets.xcassets in Resources */ = {isa = PBXBuildFile; fileRef = C81E809027A33043009CEC49 /* Assets.xcassets */; };
		C81E809427A33043009CEC49 /* LaunchScreen.storyboard in Resources */ = {isa = PBXBuildFile; fileRef = C81E809227A33043009CEC49 /* LaunchScreen.storyboard */; };
		C81E809F27A33043009CEC49 /* RideshareTests.swift in Sources */ = {isa = PBXBuildFile; fileRef = C81E809E27A33043009CEC49 /* RideshareTests.swift */; };
		C81E80A927A33043009CEC49 /* RideshareUITests.swift in Sources */ = {isa = PBXBuildFile; fileRef = C81E80A827A33043009CEC49 /* RideshareUITests.swift */; };
		C81E80AB27A33043009CEC49 /* RideshareUITestsLaunchTests.swift in Sources */ = {isa = PBXBuildFile; fileRef = C81E80AA27A33043009CEC49 /* RideshareUITestsLaunchTests.swift */; };
		C8771DD327B473FF00FACD97 /* User.swift in Sources */ = {isa = PBXBuildFile; fileRef = C8771DD227B473FF00FACD97 /* User.swift */; };
		C8771DD527B4740500FACD97 /* Ride.swift in Sources */ = {isa = PBXBuildFile; fileRef = C8771DD427B4740500FACD97 /* Ride.swift */; };
		C8771DD727B47CC300FACD97 /* Keys.swift in Sources */ = {isa = PBXBuildFile; fileRef = C8771DD627B47CC300FACD97 /* Keys.swift */; };
		C8771DD927B47D2200FACD97 /* Keys.plist in Resources */ = {isa = PBXBuildFile; fileRef = C8771DD827B47D2200FACD97 /* Keys.plist */; };
/* End PBXBuildFile section */

/* Begin PBXContainerItemProxy section */
		C81E809B27A33043009CEC49 /* PBXContainerItemProxy */ = {
			isa = PBXContainerItemProxy;
			containerPortal = C81E807C27A33042009CEC49 /* Project object */;
			proxyType = 1;
			remoteGlobalIDString = C81E808327A33042009CEC49;
			remoteInfo = Rideshare;
		};
		C81E80A527A33043009CEC49 /* PBXContainerItemProxy */ = {
			isa = PBXContainerItemProxy;
			containerPortal = C81E807C27A33042009CEC49 /* Project object */;
			proxyType = 1;
			remoteGlobalIDString = C81E808327A33042009CEC49;
			remoteInfo = Rideshare;
		};
/* End PBXContainerItemProxy section */

/* Begin PBXFileReference section */
		053050DF37C2CACCD22D149E /* Pods-Rideshare.release.xcconfig */ = {isa = PBXFileReference; includeInIndex = 1; lastKnownFileType = text.xcconfig; name = "Pods-Rideshare.release.xcconfig"; path = "Target Support Files/Pods-Rideshare/Pods-Rideshare.release.xcconfig"; sourceTree = "<group>"; };
		2A8098FBCE80141C8E4E1CFD /* Pods-Rideshare.debug.xcconfig */ = {isa = PBXFileReference; includeInIndex = 1; lastKnownFileType = text.xcconfig; name = "Pods-Rideshare.debug.xcconfig"; path = "Target Support Files/Pods-Rideshare/Pods-Rideshare.debug.xcconfig"; sourceTree = "<group>"; };
		8B214B94B4BFFCDCBB71CFD2 /* Pods_Rideshare.framework */ = {isa = PBXFileReference; explicitFileType = wrapper.framework; includeInIndex = 0; path = Pods_Rideshare.framework; sourceTree = BUILT_PRODUCTS_DIR; };
		C8025CC127C6F5D900130B19 /* HomeViewController.swift */ = {isa = PBXFileReference; lastKnownFileType = sourcecode.swift; path = HomeViewController.swift; sourceTree = "<group>"; };
		C81E808427A33042009CEC49 /* Rideshare.app */ = {isa = PBXFileReference; explicitFileType = wrapper.application; includeInIndex = 0; path = Rideshare.app; sourceTree = BUILT_PRODUCTS_DIR; };
		C81E808727A33042009CEC49 /* AppDelegate.swift */ = {isa = PBXFileReference; lastKnownFileType = sourcecode.swift; path = AppDelegate.swift; sourceTree = "<group>"; };
		C81E808927A33042009CEC49 /* SceneDelegate.swift */ = {isa = PBXFileReference; lastKnownFileType = sourcecode.swift; path = SceneDelegate.swift; sourceTree = "<group>"; };
		C81E808B27A33042009CEC49 /* ViewController.swift */ = {isa = PBXFileReference; lastKnownFileType = sourcecode.swift; path = ViewController.swift; sourceTree = "<group>"; };
		C81E809027A33043009CEC49 /* Assets.xcassets */ = {isa = PBXFileReference; lastKnownFileType = folder.assetcatalog; path = Assets.xcassets; sourceTree = "<group>"; };
		C81E809327A33043009CEC49 /* Base */ = {isa = PBXFileReference; lastKnownFileType = file.storyboard; name = Base; path = Base.lproj/LaunchScreen.storyboard; sourceTree = "<group>"; };
		C81E809527A33043009CEC49 /* Info.plist */ = {isa = PBXFileReference; lastKnownFileType = text.plist.xml; path = Info.plist; sourceTree = "<group>"; };
		C81E809A27A33043009CEC49 /* RideshareTests.xctest */ = {isa = PBXFileReference; explicitFileType = wrapper.cfbundle; includeInIndex = 0; path = RideshareTests.xctest; sourceTree = BUILT_PRODUCTS_DIR; };
		C81E809E27A33043009CEC49 /* RideshareTests.swift */ = {isa = PBXFileReference; lastKnownFileType = sourcecode.swift; path = RideshareTests.swift; sourceTree = "<group>"; };
		C81E80A427A33043009CEC49 /* RideshareUITests.xctest */ = {isa = PBXFileReference; explicitFileType = wrapper.cfbundle; includeInIndex = 0; path = RideshareUITests.xctest; sourceTree = BUILT_PRODUCTS_DIR; };
		C81E80A827A33043009CEC49 /* RideshareUITests.swift */ = {isa = PBXFileReference; lastKnownFileType = sourcecode.swift; path = RideshareUITests.swift; sourceTree = "<group>"; };
		C81E80AA27A33043009CEC49 /* RideshareUITestsLaunchTests.swift */ = {isa = PBXFileReference; lastKnownFileType = sourcecode.swift; path = RideshareUITestsLaunchTests.swift; sourceTree = "<group>"; };
		C8771DD227B473FF00FACD97 /* User.swift */ = {isa = PBXFileReference; lastKnownFileType = sourcecode.swift; path = User.swift; sourceTree = "<group>"; };
		C8771DD427B4740500FACD97 /* Ride.swift */ = {isa = PBXFileReference; lastKnownFileType = sourcecode.swift; path = Ride.swift; sourceTree = "<group>"; };
		C8771DD627B47CC300FACD97 /* Keys.swift */ = {isa = PBXFileReference; lastKnownFileType = sourcecode.swift; path = Keys.swift; sourceTree = "<group>"; };
		C8771DD827B47D2200FACD97 /* Keys.plist */ = {isa = PBXFileReference; lastKnownFileType = text.plist.xml; path = Keys.plist; sourceTree = "<group>"; };
/* End PBXFileReference section */

/* Begin PBXFrameworksBuildPhase section */
		C81E808127A33042009CEC49 /* Frameworks */ = {
			isa = PBXFrameworksBuildPhase;
			buildActionMask = 2147483647;
			files = (
				64556347971A3C1A904765FA /* Pods_Rideshare.framework in Frameworks */,
			);
			runOnlyForDeploymentPostprocessing = 0;
		};
		C81E809727A33043009CEC49 /* Frameworks */ = {
			isa = PBXFrameworksBuildPhase;
			buildActionMask = 2147483647;
			files = (
			);
			runOnlyForDeploymentPostprocessing = 0;
		};
		C81E80A127A33043009CEC49 /* Frameworks */ = {
			isa = PBXFrameworksBuildPhase;
			buildActionMask = 2147483647;
			files = (
			);
			runOnlyForDeploymentPostprocessing = 0;
		};
/* End PBXFrameworksBuildPhase section */

/* Begin PBXGroup section */
		BDA9F5043CB2AC294389F96D /* Pods */ = {
			isa = PBXGroup;
			children = (
				2A8098FBCE80141C8E4E1CFD /* Pods-Rideshare.debug.xcconfig */,
				053050DF37C2CACCD22D149E /* Pods-Rideshare.release.xcconfig */,
			);
			path = Pods;
			sourceTree = "<group>";
		};
		C81E807B27A33042009CEC49 = {
			isa = PBXGroup;
			children = (
				C81E808627A33042009CEC49 /* Rideshare */,
				C81E809D27A33043009CEC49 /* RideshareTests */,
				C81E80A727A33043009CEC49 /* RideshareUITests */,
				C81E808527A33042009CEC49 /* Products */,
				BDA9F5043CB2AC294389F96D /* Pods */,
				EFFC3BB2694FEBC90CC858E1 /* Frameworks */,
			);
			sourceTree = "<group>";
		};
		C81E808527A33042009CEC49 /* Products */ = {
			isa = PBXGroup;
			children = (
				C81E808427A33042009CEC49 /* Rideshare.app */,
				C81E809A27A33043009CEC49 /* RideshareTests.xctest */,
				C81E80A427A33043009CEC49 /* RideshareUITests.xctest */,
			);
			name = Products;
			sourceTree = "<group>";
		};
		C81E808627A33042009CEC49 /* Rideshare */ = {
			isa = PBXGroup;
			children = (
				C81E808727A33042009CEC49 /* AppDelegate.swift */,
				C81E808927A33042009CEC49 /* SceneDelegate.swift */,
				C81E80B727A33221009CEC49 /* Model */,
				C81E80B827A33230009CEC49 /* View */,
				C81E80B927A33238009CEC49 /* Controller */,
				C81E80BA27A33253009CEC49 /* Supporting */,
			);
			path = Rideshare;
			sourceTree = "<group>";
		};
		C81E809D27A33043009CEC49 /* RideshareTests */ = {
			isa = PBXGroup;
			children = (
				C81E809E27A33043009CEC49 /* RideshareTests.swift */,
			);
			path = RideshareTests;
			sourceTree = "<group>";
		};
		C81E80A727A33043009CEC49 /* RideshareUITests */ = {
			isa = PBXGroup;
			children = (
				C81E80A827A33043009CEC49 /* RideshareUITests.swift */,
				C81E80AA27A33043009CEC49 /* RideshareUITestsLaunchTests.swift */,
			);
			path = RideshareUITests;
			sourceTree = "<group>";
		};
		C81E80B727A33221009CEC49 /* Model */ = {
			isa = PBXGroup;
			children = (
				C8771DD227B473FF00FACD97 /* User.swift */,
				C8771DD427B4740500FACD97 /* Ride.swift */,
			);
			path = Model;
			sourceTree = "<group>";
		};
		C81E80B827A33230009CEC49 /* View */ = {
			isa = PBXGroup;
			children = (
			);
			path = View;
			sourceTree = "<group>";
		};
		C81E80B927A33238009CEC49 /* Controller */ = {
			isa = PBXGroup;
			children = (
				C81E808B27A33042009CEC49 /* ViewController.swift */,
				C8025CC127C6F5D900130B19 /* HomeViewController.swift */,
			);
			path = Controller;
			sourceTree = "<group>";
		};
		C81E80BA27A33253009CEC49 /* Supporting */ = {
			isa = PBXGroup;
			children = (
				C81E809527A33043009CEC49 /* Info.plist */,
				C8771DD827B47D2200FACD97 /* Keys.plist */,
				C81E809227A33043009CEC49 /* LaunchScreen.storyboard */,
				C81E809027A33043009CEC49 /* Assets.xcassets */,
				C8771DD627B47CC300FACD97 /* Keys.swift */,
			);
			path = Supporting;
			sourceTree = "<group>";
		};
		EFFC3BB2694FEBC90CC858E1 /* Frameworks */ = {
			isa = PBXGroup;
			children = (
				8B214B94B4BFFCDCBB71CFD2 /* Pods_Rideshare.framework */,
			);
			name = Frameworks;
			sourceTree = "<group>";
		};
/* End PBXGroup section */

/* Begin PBXNativeTarget section */
		C81E808327A33042009CEC49 /* Rideshare */ = {
			isa = PBXNativeTarget;
			buildConfigurationList = C81E80AE27A33043009CEC49 /* Build configuration list for PBXNativeTarget "Rideshare" */;
			buildPhases = (
				0957AB540A8831BA5CA976A6 /* [CP] Check Pods Manifest.lock */,
				C81E808027A33042009CEC49 /* Sources */,
				C81E808127A33042009CEC49 /* Frameworks */,
				C81E808227A33042009CEC49 /* Resources */,
				2DD6D04FC5A137C0E17E7FA4 /* [CP] Embed Pods Frameworks */,
			);
			buildRules = (
			);
			dependencies = (
			);
			name = Rideshare;
			productName = Rideshare;
			productReference = C81E808427A33042009CEC49 /* Rideshare.app */;
			productType = "com.apple.product-type.application";
		};
		C81E809927A33043009CEC49 /* RideshareTests */ = {
			isa = PBXNativeTarget;
			buildConfigurationList = C81E80B127A33043009CEC49 /* Build configuration list for PBXNativeTarget "RideshareTests" */;
			buildPhases = (
				C81E809627A33043009CEC49 /* Sources */,
				C81E809727A33043009CEC49 /* Frameworks */,
				C81E809827A33043009CEC49 /* Resources */,
			);
			buildRules = (
			);
			dependencies = (
				C81E809C27A33043009CEC49 /* PBXTargetDependency */,
			);
			name = RideshareTests;
			productName = RideshareTests;
			productReference = C81E809A27A33043009CEC49 /* RideshareTests.xctest */;
			productType = "com.apple.product-type.bundle.unit-test";
		};
		C81E80A327A33043009CEC49 /* RideshareUITests */ = {
			isa = PBXNativeTarget;
			buildConfigurationList = C81E80B427A33043009CEC49 /* Build configuration list for PBXNativeTarget "RideshareUITests" */;
			buildPhases = (
				C81E80A027A33043009CEC49 /* Sources */,
				C81E80A127A33043009CEC49 /* Frameworks */,
				C81E80A227A33043009CEC49 /* Resources */,
			);
			buildRules = (
			);
			dependencies = (
				C81E80A627A33043009CEC49 /* PBXTargetDependency */,
			);
			name = RideshareUITests;
			productName = RideshareUITests;
			productReference = C81E80A427A33043009CEC49 /* RideshareUITests.xctest */;
			productType = "com.apple.product-type.bundle.ui-testing";
		};
/* End PBXNativeTarget section */

/* Begin PBXProject section */
		C81E807C27A33042009CEC49 /* Project object */ = {
			isa = PBXProject;
			attributes = {
				BuildIndependentTargetsInParallel = 1;
				LastSwiftUpdateCheck = 1320;
				LastUpgradeCheck = 1320;
				TargetAttributes = {
					C81E808327A33042009CEC49 = {
						CreatedOnToolsVersion = 13.2.1;
					};
					C81E809927A33043009CEC49 = {
						CreatedOnToolsVersion = 13.2.1;
						TestTargetID = C81E808327A33042009CEC49;
					};
					C81E80A327A33043009CEC49 = {
						CreatedOnToolsVersion = 13.2.1;
						TestTargetID = C81E808327A33042009CEC49;
					};
				};
			};
			buildConfigurationList = C81E807F27A33042009CEC49 /* Build configuration list for PBXProject "Rideshare" */;
			compatibilityVersion = "Xcode 13.0";
			developmentRegion = en;
			hasScannedForEncodings = 0;
			knownRegions = (
				en,
				Base,
			);
			mainGroup = C81E807B27A33042009CEC49;
			productRefGroup = C81E808527A33042009CEC49 /* Products */;
			projectDirPath = "";
			projectRoot = "";
			targets = (
				C81E808327A33042009CEC49 /* Rideshare */,
				C81E809927A33043009CEC49 /* RideshareTests */,
				C81E80A327A33043009CEC49 /* RideshareUITests */,
			);
		};
/* End PBXProject section */

/* Begin PBXResourcesBuildPhase section */
		C81E808227A33042009CEC49 /* Resources */ = {
			isa = PBXResourcesBuildPhase;
			buildActionMask = 2147483647;
			files = (
				C8771DD927B47D2200FACD97 /* Keys.plist in Resources */,
				C81E809427A33043009CEC49 /* LaunchScreen.storyboard in Resources */,
				C81E809127A33043009CEC49 /* Assets.xcassets in Resources */,
			);
			runOnlyForDeploymentPostprocessing = 0;
		};
		C81E809827A33043009CEC49 /* Resources */ = {
			isa = PBXResourcesBuildPhase;
			buildActionMask = 2147483647;
			files = (
			);
			runOnlyForDeploymentPostprocessing = 0;
		};
		C81E80A227A33043009CEC49 /* Resources */ = {
			isa = PBXResourcesBuildPhase;
			buildActionMask = 2147483647;
			files = (
			);
			runOnlyForDeploymentPostprocessing = 0;
		};
/* End PBXResourcesBuildPhase section */

/* Begin PBXShellScriptBuildPhase section */
		0957AB540A8831BA5CA976A6 /* [CP] Check Pods Manifest.lock */ = {
			isa = PBXShellScriptBuildPhase;
			buildActionMask = 2147483647;
			files = (
			);
			inputFileListPaths = (
			);
			inputPaths = (
				"${PODS_PODFILE_DIR_PATH}/Podfile.lock",
				"${PODS_ROOT}/Manifest.lock",
			);
			name = "[CP] Check Pods Manifest.lock";
			outputFileListPaths = (
			);
			outputPaths = (
				"$(DERIVED_FILE_DIR)/Pods-Rideshare-checkManifestLockResult.txt",
			);
			runOnlyForDeploymentPostprocessing = 0;
			shellPath = /bin/sh;
			shellScript = "diff \"${PODS_PODFILE_DIR_PATH}/Podfile.lock\" \"${PODS_ROOT}/Manifest.lock\" > /dev/null\nif [ $? != 0 ] ; then\n    # print error to STDERR\n    echo \"error: The sandbox is not in sync with the Podfile.lock. Run 'pod install' or update your CocoaPods installation.\" >&2\n    exit 1\nfi\n# This output is used by Xcode 'outputs' to avoid re-running this script phase.\necho \"SUCCESS\" > \"${SCRIPT_OUTPUT_FILE_0}\"\n";
			showEnvVarsInLog = 0;
		};
		2DD6D04FC5A137C0E17E7FA4 /* [CP] Embed Pods Frameworks */ = {
			isa = PBXShellScriptBuildPhase;
			buildActionMask = 2147483647;
			files = (
			);
			inputFileListPaths = (
				"${PODS_ROOT}/Target Support Files/Pods-Rideshare/Pods-Rideshare-frameworks-${CONFIGURATION}-input-files.xcfilelist",
			);
			name = "[CP] Embed Pods Frameworks";
			outputFileListPaths = (
				"${PODS_ROOT}/Target Support Files/Pods-Rideshare/Pods-Rideshare-frameworks-${CONFIGURATION}-output-files.xcfilelist",
			);
			runOnlyForDeploymentPostprocessing = 0;
			shellPath = /bin/sh;
			shellScript = "\"${PODS_ROOT}/Target Support Files/Pods-Rideshare/Pods-Rideshare-frameworks.sh\"\n";
			showEnvVarsInLog = 0;
		};
/* End PBXShellScriptBuildPhase section */

/* Begin PBXSourcesBuildPhase section */
		C81E808027A33042009CEC49 /* Sources */ = {
			isa = PBXSourcesBuildPhase;
			buildActionMask = 2147483647;
			files = (
				C8771DD327B473FF00FACD97 /* User.swift in Sources */,
				C8771DD727B47CC300FACD97 /* Keys.swift in Sources */,
				C81E808C27A33042009CEC49 /* ViewController.swift in Sources */,
				C81E808827A33042009CEC49 /* AppDelegate.swift in Sources */,
				C8771DD527B4740500FACD97 /* Ride.swift in Sources */,
				C8025CC227C6F5D900130B19 /* HomeViewController.swift in Sources */,
				C81E808A27A33042009CEC49 /* SceneDelegate.swift in Sources */,
			);
			runOnlyForDeploymentPostprocessing = 0;
		};
		C81E809627A33043009CEC49 /* Sources */ = {
			isa = PBXSourcesBuildPhase;
			buildActionMask = 2147483647;
			files = (
				C81E809F27A33043009CEC49 /* RideshareTests.swift in Sources */,
			);
			runOnlyForDeploymentPostprocessing = 0;
		};
		C81E80A027A33043009CEC49 /* Sources */ = {
			isa = PBXSourcesBuildPhase;
			buildActionMask = 2147483647;
			files = (
				C81E80AB27A33043009CEC49 /* RideshareUITestsLaunchTests.swift in Sources */,
				C81E80A927A33043009CEC49 /* RideshareUITests.swift in Sources */,
			);
			runOnlyForDeploymentPostprocessing = 0;
		};
/* End PBXSourcesBuildPhase section */

/* Begin PBXTargetDependency section */
		C81E809C27A33043009CEC49 /* PBXTargetDependency */ = {
			isa = PBXTargetDependency;
			target = C81E808327A33042009CEC49 /* Rideshare */;
			targetProxy = C81E809B27A33043009CEC49 /* PBXContainerItemProxy */;
		};
		C81E80A627A33043009CEC49 /* PBXTargetDependency */ = {
			isa = PBXTargetDependency;
			target = C81E808327A33042009CEC49 /* Rideshare */;
			targetProxy = C81E80A527A33043009CEC49 /* PBXContainerItemProxy */;
		};
/* End PBXTargetDependency section */

/* Begin PBXVariantGroup section */
		C81E809227A33043009CEC49 /* LaunchScreen.storyboard */ = {
			isa = PBXVariantGroup;
			children = (
				C81E809327A33043009CEC49 /* Base */,
			);
			name = LaunchScreen.storyboard;
			sourceTree = "<group>";
		};
/* End PBXVariantGroup section */

/* Begin XCBuildConfiguration section */
		C81E80AC27A33043009CEC49 /* Debug */ = {
			isa = XCBuildConfiguration;
			buildSettings = {
				ALWAYS_SEARCH_USER_PATHS = NO;
				CLANG_ANALYZER_NONNULL = YES;
				CLANG_ANALYZER_NUMBER_OBJECT_CONVERSION = YES_AGGRESSIVE;
				CLANG_CXX_LANGUAGE_STANDARD = "gnu++17";
				CLANG_CXX_LIBRARY = "libc++";
				CLANG_ENABLE_MODULES = YES;
				CLANG_ENABLE_OBJC_ARC = YES;
				CLANG_ENABLE_OBJC_WEAK = YES;
				CLANG_WARN_BLOCK_CAPTURE_AUTORELEASING = YES;
				CLANG_WARN_BOOL_CONVERSION = YES;
				CLANG_WARN_COMMA = YES;
				CLANG_WARN_CONSTANT_CONVERSION = YES;
				CLANG_WARN_DEPRECATED_OBJC_IMPLEMENTATIONS = YES;
				CLANG_WARN_DIRECT_OBJC_ISA_USAGE = YES_ERROR;
				CLANG_WARN_DOCUMENTATION_COMMENTS = YES;
				CLANG_WARN_EMPTY_BODY = YES;
				CLANG_WARN_ENUM_CONVERSION = YES;
				CLANG_WARN_INFINITE_RECURSION = YES;
				CLANG_WARN_INT_CONVERSION = YES;
				CLANG_WARN_NON_LITERAL_NULL_CONVERSION = YES;
				CLANG_WARN_OBJC_IMPLICIT_RETAIN_SELF = YES;
				CLANG_WARN_OBJC_LITERAL_CONVERSION = YES;
				CLANG_WARN_OBJC_ROOT_CLASS = YES_ERROR;
				CLANG_WARN_QUOTED_INCLUDE_IN_FRAMEWORK_HEADER = YES;
				CLANG_WARN_RANGE_LOOP_ANALYSIS = YES;
				CLANG_WARN_STRICT_PROTOTYPES = YES;
				CLANG_WARN_SUSPICIOUS_MOVE = YES;
				CLANG_WARN_UNGUARDED_AVAILABILITY = YES_AGGRESSIVE;
				CLANG_WARN_UNREACHABLE_CODE = YES;
				CLANG_WARN__DUPLICATE_METHOD_MATCH = YES;
				COPY_PHASE_STRIP = NO;
				DEBUG_INFORMATION_FORMAT = dwarf;
				ENABLE_STRICT_OBJC_MSGSEND = YES;
				ENABLE_TESTABILITY = YES;
				GCC_C_LANGUAGE_STANDARD = gnu11;
				GCC_DYNAMIC_NO_PIC = NO;
				GCC_NO_COMMON_BLOCKS = YES;
				GCC_OPTIMIZATION_LEVEL = 0;
				GCC_PREPROCESSOR_DEFINITIONS = (
					"DEBUG=1",
					"$(inherited)",
				);
				GCC_WARN_64_TO_32_BIT_CONVERSION = YES;
				GCC_WARN_ABOUT_RETURN_TYPE = YES_ERROR;
				GCC_WARN_UNDECLARED_SELECTOR = YES;
				GCC_WARN_UNINITIALIZED_AUTOS = YES_AGGRESSIVE;
				GCC_WARN_UNUSED_FUNCTION = YES;
				GCC_WARN_UNUSED_VARIABLE = YES;
				IPHONEOS_DEPLOYMENT_TARGET = 15.2;
				MTL_ENABLE_DEBUG_INFO = INCLUDE_SOURCE;
				MTL_FAST_MATH = YES;
				ONLY_ACTIVE_ARCH = YES;
				SDKROOT = iphoneos;
				SWIFT_ACTIVE_COMPILATION_CONDITIONS = DEBUG;
				SWIFT_OPTIMIZATION_LEVEL = "-Onone";
			};
			name = Debug;
		};
		C81E80AD27A33043009CEC49 /* Release */ = {
			isa = XCBuildConfiguration;
			buildSettings = {
				ALWAYS_SEARCH_USER_PATHS = NO;
				CLANG_ANALYZER_NONNULL = YES;
				CLANG_ANALYZER_NUMBER_OBJECT_CONVERSION = YES_AGGRESSIVE;
				CLANG_CXX_LANGUAGE_STANDARD = "gnu++17";
				CLANG_CXX_LIBRARY = "libc++";
				CLANG_ENABLE_MODULES = YES;
				CLANG_ENABLE_OBJC_ARC = YES;
				CLANG_ENABLE_OBJC_WEAK = YES;
				CLANG_WARN_BLOCK_CAPTURE_AUTORELEASING = YES;
				CLANG_WARN_BOOL_CONVERSION = YES;
				CLANG_WARN_COMMA = YES;
				CLANG_WARN_CONSTANT_CONVERSION = YES;
				CLANG_WARN_DEPRECATED_OBJC_IMPLEMENTATIONS = YES;
				CLANG_WARN_DIRECT_OBJC_ISA_USAGE = YES_ERROR;
				CLANG_WARN_DOCUMENTATION_COMMENTS = YES;
				CLANG_WARN_EMPTY_BODY = YES;
				CLANG_WARN_ENUM_CONVERSION = YES;
				CLANG_WARN_INFINITE_RECURSION = YES;
				CLANG_WARN_INT_CONVERSION = YES;
				CLANG_WARN_NON_LITERAL_NULL_CONVERSION = YES;
				CLANG_WARN_OBJC_IMPLICIT_RETAIN_SELF = YES;
				CLANG_WARN_OBJC_LITERAL_CONVERSION = YES;
				CLANG_WARN_OBJC_ROOT_CLASS = YES_ERROR;
				CLANG_WARN_QUOTED_INCLUDE_IN_FRAMEWORK_HEADER = YES;
				CLANG_WARN_RANGE_LOOP_ANALYSIS = YES;
				CLANG_WARN_STRICT_PROTOTYPES = YES;
				CLANG_WARN_SUSPICIOUS_MOVE = YES;
				CLANG_WARN_UNGUARDED_AVAILABILITY = YES_AGGRESSIVE;
				CLANG_WARN_UNREACHABLE_CODE = YES;
				CLANG_WARN__DUPLICATE_METHOD_MATCH = YES;
				COPY_PHASE_STRIP = NO;
				DEBUG_INFORMATION_FORMAT = "dwarf-with-dsym";
				ENABLE_NS_ASSERTIONS = NO;
				ENABLE_STRICT_OBJC_MSGSEND = YES;
				GCC_C_LANGUAGE_STANDARD = gnu11;
				GCC_NO_COMMON_BLOCKS = YES;
				GCC_WARN_64_TO_32_BIT_CONVERSION = YES;
				GCC_WARN_ABOUT_RETURN_TYPE = YES_ERROR;
				GCC_WARN_UNDECLARED_SELECTOR = YES;
				GCC_WARN_UNINITIALIZED_AUTOS = YES_AGGRESSIVE;
				GCC_WARN_UNUSED_FUNCTION = YES;
				GCC_WARN_UNUSED_VARIABLE = YES;
				IPHONEOS_DEPLOYMENT_TARGET = 15.2;
				MTL_ENABLE_DEBUG_INFO = NO;
				MTL_FAST_MATH = YES;
				SDKROOT = iphoneos;
				SWIFT_COMPILATION_MODE = wholemodule;
				SWIFT_OPTIMIZATION_LEVEL = "-O";
				VALIDATE_PRODUCT = YES;
			};
			name = Release;
		};
		C81E80AF27A33043009CEC49 /* Debug */ = {
			isa = XCBuildConfiguration;
			baseConfigurationReference = 2A8098FBCE80141C8E4E1CFD /* Pods-Rideshare.debug.xcconfig */;
			buildSettings = {
				ASSETCATALOG_COMPILER_APPICON_NAME = AppIcon;
				ASSETCATALOG_COMPILER_GLOBAL_ACCENT_COLOR_NAME = AccentColor;
				CODE_SIGN_STYLE = Automatic;
				CURRENT_PROJECT_VERSION = 1;
				DEVELOPMENT_TEAM = ZGMCXU7X3U;
				GENERATE_INFOPLIST_FILE = YES;
				INFOPLIST_FILE = Rideshare/Supporting/Info.plist;
				INFOPLIST_KEY_UIApplicationSupportsIndirectInputEvents = YES;
				INFOPLIST_KEY_UILaunchStoryboardName = LaunchScreen;
				INFOPLIST_KEY_UISupportedInterfaceOrientations = UIInterfaceOrientationPortrait;
				INFOPLIST_KEY_UISupportedInterfaceOrientations_iPad = "UIInterfaceOrientationPortrait UIInterfaceOrientationPortraitUpsideDown UIInterfaceOrientationLandscapeLeft UIInterfaceOrientationLandscapeRight";
				INFOPLIST_KEY_UISupportedInterfaceOrientations_iPhone = "UIInterfaceOrientationPortrait UIInterfaceOrientationLandscapeLeft UIInterfaceOrientationLandscapeRight";
				IPHONEOS_DEPLOYMENT_TARGET = 14.0;
				LD_RUNPATH_SEARCH_PATHS = (
					"$(inherited)",
					"@executable_path/Frameworks",
				);
				MARKETING_VERSION = 1.0;
				PRODUCT_BUNDLE_IDENTIFIER = com.cornellappdev.rideshare;
				PRODUCT_NAME = "$(TARGET_NAME)";
				SWIFT_EMIT_LOC_STRINGS = YES;
				SWIFT_VERSION = 5.0;
				TARGETED_DEVICE_FAMILY = 1;
			};
			name = Debug;
		};
		C81E80B027A33043009CEC49 /* Release */ = {
			isa = XCBuildConfiguration;
			baseConfigurationReference = 053050DF37C2CACCD22D149E /* Pods-Rideshare.release.xcconfig */;
			buildSettings = {
				ASSETCATALOG_COMPILER_APPICON_NAME = AppIcon;
				ASSETCATALOG_COMPILER_GLOBAL_ACCENT_COLOR_NAME = AccentColor;
				CODE_SIGN_STYLE = Automatic;
				CURRENT_PROJECT_VERSION = 1;
				DEVELOPMENT_TEAM = ZGMCXU7X3U;
				GENERATE_INFOPLIST_FILE = YES;
				INFOPLIST_FILE = Rideshare/Supporting/Info.plist;
				INFOPLIST_KEY_UIApplicationSupportsIndirectInputEvents = YES;
				INFOPLIST_KEY_UILaunchStoryboardName = LaunchScreen;
				INFOPLIST_KEY_UISupportedInterfaceOrientations = UIInterfaceOrientationPortrait;
				INFOPLIST_KEY_UISupportedInterfaceOrientations_iPad = "UIInterfaceOrientationPortrait UIInterfaceOrientationPortraitUpsideDown UIInterfaceOrientationLandscapeLeft UIInterfaceOrientationLandscapeRight";
				INFOPLIST_KEY_UISupportedInterfaceOrientations_iPhone = "UIInterfaceOrientationPortrait UIInterfaceOrientationLandscapeLeft UIInterfaceOrientationLandscapeRight";
				IPHONEOS_DEPLOYMENT_TARGET = 14.0;
				LD_RUNPATH_SEARCH_PATHS = (
					"$(inherited)",
					"@executable_path/Frameworks",
				);
				MARKETING_VERSION = 1.0;
				PRODUCT_BUNDLE_IDENTIFIER = com.cornellappdev.rideshare;
				PRODUCT_NAME = "$(TARGET_NAME)";
				SWIFT_EMIT_LOC_STRINGS = YES;
				SWIFT_VERSION = 5.0;
				TARGETED_DEVICE_FAMILY = 1;
			};
			name = Release;
		};
		C81E80B227A33043009CEC49 /* Debug */ = {
			isa = XCBuildConfiguration;
			buildSettings = {
				ALWAYS_EMBED_SWIFT_STANDARD_LIBRARIES = YES;
				BUNDLE_LOADER = "$(TEST_HOST)";
				CODE_SIGN_STYLE = Automatic;
				CURRENT_PROJECT_VERSION = 1;
				DEVELOPMENT_TEAM = ZGMCXU7X3U;
				GENERATE_INFOPLIST_FILE = YES;
				IPHONEOS_DEPLOYMENT_TARGET = 15.2;
				MARKETING_VERSION = 1.0;
				PRODUCT_BUNDLE_IDENTIFIER = com.cornellappdev.RideshareTests;
				PRODUCT_NAME = "$(TARGET_NAME)";
				SWIFT_EMIT_LOC_STRINGS = NO;
				SWIFT_VERSION = 5.0;
				TARGETED_DEVICE_FAMILY = "1,2";
				TEST_HOST = "$(BUILT_PRODUCTS_DIR)/Rideshare.app/Rideshare";
			};
			name = Debug;
		};
		C81E80B327A33043009CEC49 /* Release */ = {
			isa = XCBuildConfiguration;
			buildSettings = {
				ALWAYS_EMBED_SWIFT_STANDARD_LIBRARIES = YES;
				BUNDLE_LOADER = "$(TEST_HOST)";
				CODE_SIGN_STYLE = Automatic;
				CURRENT_PROJECT_VERSION = 1;
				DEVELOPMENT_TEAM = ZGMCXU7X3U;
				GENERATE_INFOPLIST_FILE = YES;
				IPHONEOS_DEPLOYMENT_TARGET = 15.2;
				MARKETING_VERSION = 1.0;
				PRODUCT_BUNDLE_IDENTIFIER = com.cornellappdev.RideshareTests;
				PRODUCT_NAME = "$(TARGET_NAME)";
				SWIFT_EMIT_LOC_STRINGS = NO;
				SWIFT_VERSION = 5.0;
				TARGETED_DEVICE_FAMILY = "1,2";
				TEST_HOST = "$(BUILT_PRODUCTS_DIR)/Rideshare.app/Rideshare";
			};
			name = Release;
		};
		C81E80B527A33043009CEC49 /* Debug */ = {
			isa = XCBuildConfiguration;
			buildSettings = {
				ALWAYS_EMBED_SWIFT_STANDARD_LIBRARIES = YES;
				CODE_SIGN_STYLE = Automatic;
				CURRENT_PROJECT_VERSION = 1;
				DEVELOPMENT_TEAM = ZGMCXU7X3U;
				GENERATE_INFOPLIST_FILE = YES;
				MARKETING_VERSION = 1.0;
				PRODUCT_BUNDLE_IDENTIFIER = com.cornellappdev.RideshareUITests;
				PRODUCT_NAME = "$(TARGET_NAME)";
				SWIFT_EMIT_LOC_STRINGS = NO;
				SWIFT_VERSION = 5.0;
				TARGETED_DEVICE_FAMILY = "1,2";
				TEST_TARGET_NAME = Rideshare;
			};
			name = Debug;
		};
		C81E80B627A33043009CEC49 /* Release */ = {
			isa = XCBuildConfiguration;
			buildSettings = {
				ALWAYS_EMBED_SWIFT_STANDARD_LIBRARIES = YES;
				CODE_SIGN_STYLE = Automatic;
				CURRENT_PROJECT_VERSION = 1;
				DEVELOPMENT_TEAM = ZGMCXU7X3U;
				GENERATE_INFOPLIST_FILE = YES;
				MARKETING_VERSION = 1.0;
				PRODUCT_BUNDLE_IDENTIFIER = com.cornellappdev.RideshareUITests;
				PRODUCT_NAME = "$(TARGET_NAME)";
				SWIFT_EMIT_LOC_STRINGS = NO;
				SWIFT_VERSION = 5.0;
				TARGETED_DEVICE_FAMILY = "1,2";
				TEST_TARGET_NAME = Rideshare;
			};
			name = Release;
		};
/* End XCBuildConfiguration section */

/* Begin XCConfigurationList section */
		C81E807F27A33042009CEC49 /* Build configuration list for PBXProject "Rideshare" */ = {
			isa = XCConfigurationList;
			buildConfigurations = (
				C81E80AC27A33043009CEC49 /* Debug */,
				C81E80AD27A33043009CEC49 /* Release */,
			);
			defaultConfigurationIsVisible = 0;
			defaultConfigurationName = Release;
		};
		C81E80AE27A33043009CEC49 /* Build configuration list for PBXNativeTarget "Rideshare" */ = {
			isa = XCConfigurationList;
			buildConfigurations = (
				C81E80AF27A33043009CEC49 /* Debug */,
				C81E80B027A33043009CEC49 /* Release */,
			);
			defaultConfigurationIsVisible = 0;
			defaultConfigurationName = Release;
		};
		C81E80B127A33043009CEC49 /* Build configuration list for PBXNativeTarget "RideshareTests" */ = {
			isa = XCConfigurationList;
			buildConfigurations = (
				C81E80B227A33043009CEC49 /* Debug */,
				C81E80B327A33043009CEC49 /* Release */,
			);
			defaultConfigurationIsVisible = 0;
			defaultConfigurationName = Release;
		};
		C81E80B427A33043009CEC49 /* Build configuration list for PBXNativeTarget "RideshareUITests" */ = {
			isa = XCConfigurationList;
			buildConfigurations = (
				C81E80B527A33043009CEC49 /* Debug */,
				C81E80B627A33043009CEC49 /* Release */,
			);
			defaultConfigurationIsVisible = 0;
			defaultConfigurationName = Release;
		};
/* End XCConfigurationList section */
	};
	rootObject = C81E807C27A33042009CEC49 /* Project object */;
}
